<?xml version="1.0" encoding="UTF-8"?>
<!DOCTYPE plist PUBLIC "-//Apple//DTD PLIST 1.0//EN" "http://www.apple.com/DTDs/PropertyList-1.0.dtd">
<plist version="1.0">
<dict>
	<key>archiveVersion</key>
	<string>1</string>
	<key>classes</key>
	<dict/>
	<key>objectVersion</key>
	<string>46</string>
	<key>objects</key>
	<dict>
		<key>0B6C512BBBA621DBCF675A05</key>
		<dict>
			<key>buildActionMask</key>
			<string>2147483647</string>
			<key>files</key>
			<array/>
			<key>inputPaths</key>
			<array/>
			<key>isa</key>
			<string>PBXShellScriptBuildPhase</string>
			<key>name</key>
			<string>Copy Pods Resources</string>
			<key>outputPaths</key>
			<array/>
			<key>runOnlyForDeploymentPostprocessing</key>
			<string>0</string>
			<key>shellPath</key>
			<string>/bin/sh</string>
			<key>shellScript</key>
			<string>"${SRCROOT}/Pods/Target Support Files/Pods-KHTableViewController/Pods-KHTableViewController-resources.sh"
</string>
			<key>showEnvVarsInLog</key>
			<string>0</string>
		</dict>
		<key>0CDE483670D7525A98D0AEC7</key>
		<dict>
			<key>includeInIndex</key>
			<string>1</string>
			<key>isa</key>
			<string>PBXFileReference</string>
			<key>lastKnownFileType</key>
			<string>text.xcconfig</string>
			<key>name</key>
			<string>Pods-KHTableViewController.debug.xcconfig</string>
			<key>path</key>
			<string>Pods/Target Support Files/Pods-KHTableViewController/Pods-KHTableViewController.debug.xcconfig</string>
			<key>sourceTree</key>
			<string>&lt;group&gt;</string>
		</dict>
		<key>0F13B5F3FA0CAC6D16839F97</key>
		<dict>
			<key>buildActionMask</key>
			<string>2147483647</string>
			<key>files</key>
			<array/>
			<key>inputPaths</key>
			<array/>
			<key>isa</key>
			<string>PBXShellScriptBuildPhase</string>
			<key>name</key>
			<string>Check Pods Manifest.lock</string>
			<key>outputPaths</key>
			<array/>
			<key>runOnlyForDeploymentPostprocessing</key>
			<string>0</string>
			<key>shellPath</key>
			<string>/bin/sh</string>
			<key>shellScript</key>
			<string>diff "${PODS_ROOT}/../Podfile.lock" "${PODS_ROOT}/Manifest.lock" &gt; /dev/null
if [[ $? != 0 ]] ; then
    cat &lt;&lt; EOM
error: The sandbox is not in sync with the Podfile.lock. Run 'pod install' or update your CocoaPods installation.
EOM
    exit 1
fi
</string>
			<key>showEnvVarsInLog</key>
			<string>0</string>
		</dict>
		<key>10069704282CEC07A0342C50</key>
		<dict>
			<key>children</key>
			<array>
				<string>0CDE483670D7525A98D0AEC7</string>
				<string>73FF677A0382F18ADCDF3E86</string>
			</array>
			<key>isa</key>
			<string>PBXGroup</string>
			<key>name</key>
			<string>Pods</string>
			<key>sourceTree</key>
			<string>&lt;group&gt;</string>
		</dict>
		<key>724A47EA55B0BC7D71344F66</key>
		<dict>
			<key>fileRef</key>
			<string>DB26024678D349BB0C84C24C</string>
			<key>isa</key>
			<string>PBXBuildFile</string>
		</dict>
		<key>73FF677A0382F18ADCDF3E86</key>
		<dict>
			<key>includeInIndex</key>
			<string>1</string>
			<key>isa</key>
			<string>PBXFileReference</string>
			<key>lastKnownFileType</key>
			<string>text.xcconfig</string>
			<key>name</key>
			<string>Pods-KHTableViewController.release.xcconfig</string>
			<key>path</key>
			<string>Pods/Target Support Files/Pods-KHTableViewController/Pods-KHTableViewController.release.xcconfig</string>
			<key>sourceTree</key>
			<string>&lt;group&gt;</string>
		</dict>
		<key>93CCA0C240C6B956650BAECD</key>
		<dict>
			<key>children</key>
			<array>
				<string>DB26024678D349BB0C84C24C</string>
			</array>
			<key>isa</key>
			<string>PBXGroup</string>
			<key>name</key>
			<string>Frameworks</string>
			<key>sourceTree</key>
			<string>&lt;group&gt;</string>
		</dict>
		<key>B4198B0C19FCE8A2001F61A4</key>
		<dict>
			<key>fileEncoding</key>
			<string>4</string>
			<key>isa</key>
			<string>PBXFileReference</string>
			<key>lastKnownFileType</key>
			<string>sourcecode.c.h</string>
			<key>path</key>
			<string>KHBasicOrderedCollectionViewController.h</string>
			<key>sourceTree</key>
			<string>&lt;group&gt;</string>
		</dict>
		<key>B4208A2C19FBB9F7004D348B</key>
		<dict>
			<key>children</key>
			<array>
				<string>B483D1B519FBFA62003EAFE6</string>
				<string>B4208A2D19FBBB17004D348B</string>
				<string>B4208A2E19FBBEA1004D348B</string>
				<string>B4208A2F19FBBEA1004D348B</string>
				<string>B43DB75A19FC130800AD9BCF</string>
				<string>B43DB75B19FC130800AD9BCF</string>
			</array>
			<key>isa</key>
			<string>PBXGroup</string>
			<key>path</key>
			<string>Collection Module</string>
			<key>sourceTree</key>
			<string>&lt;group&gt;</string>
		</dict>
		<key>B4208A2D19FBBB17004D348B</key>
		<dict>
			<key>fileEncoding</key>
			<string>4</string>
			<key>isa</key>
			<string>PBXFileReference</string>
			<key>lastKnownFileType</key>
			<string>sourcecode.c.h</string>
			<key>path</key>
			<string>KHCollectionViewCellFactoryProtocol.h</string>
			<key>sourceTree</key>
			<string>&lt;group&gt;</string>
		</dict>
		<key>B4208A2E19FBBEA1004D348B</key>
		<dict>
			<key>fileEncoding</key>
			<string>4</string>
			<key>isa</key>
			<string>PBXFileReference</string>
			<key>lastKnownFileType</key>
			<string>sourcecode.c.h</string>
			<key>path</key>
			<string>KHCollectionContentLoadingCellFactory.h</string>
			<key>sourceTree</key>
			<string>&lt;group&gt;</string>
		</dict>
		<key>B4208A2F19FBBEA1004D348B</key>
		<dict>
			<key>fileEncoding</key>
			<string>4</string>
			<key>isa</key>
			<string>PBXFileReference</string>
			<key>lastKnownFileType</key>
			<string>sourcecode.c.objc</string>
			<key>path</key>
			<string>KHCollectionContentLoadingCellFactory.m</string>
			<key>sourceTree</key>
			<string>&lt;group&gt;</string>
		</dict>
		<key>B4208A3019FBBEA1004D348B</key>
		<dict>
			<key>fileRef</key>
			<string>B4208A2F19FBBEA1004D348B</string>
			<key>isa</key>
			<string>PBXBuildFile</string>
		</dict>
		<key>B43DB75519FC077500AD9BCF</key>
		<dict>
			<key>fileEncoding</key>
			<string>4</string>
			<key>isa</key>
			<string>PBXFileReference</string>
			<key>lastKnownFileType</key>
			<string>sourcecode.c.h</string>
			<key>path</key>
			<string>KHContentLoadingErrorCollectionViewCell.h</string>
			<key>sourceTree</key>
			<string>&lt;group&gt;</string>
		</dict>
		<key>B43DB75619FC077500AD9BCF</key>
		<dict>
			<key>fileEncoding</key>
			<string>4</string>
			<key>isa</key>
			<string>PBXFileReference</string>
			<key>lastKnownFileType</key>
			<string>sourcecode.c.objc</string>
			<key>path</key>
			<string>KHContentLoadingErrorCollectionViewCell.m</string>
			<key>sourceTree</key>
			<string>&lt;group&gt;</string>
		</dict>
		<key>B43DB75719FC077500AD9BCF</key>
		<dict>
			<key>fileEncoding</key>
			<string>4</string>
			<key>isa</key>
			<string>PBXFileReference</string>
			<key>lastKnownFileType</key>
			<string>file.xib</string>
			<key>path</key>
			<string>KHContentLoadingErrorCollectionViewCell.xib</string>
			<key>sourceTree</key>
			<string>&lt;group&gt;</string>
		</dict>
		<key>B43DB75819FC077500AD9BCF</key>
		<dict>
			<key>fileRef</key>
			<string>B43DB75619FC077500AD9BCF</string>
			<key>isa</key>
			<string>PBXBuildFile</string>
		</dict>
		<key>B43DB75919FC077500AD9BCF</key>
		<dict>
			<key>fileRef</key>
			<string>B43DB75719FC077500AD9BCF</string>
			<key>isa</key>
			<string>PBXBuildFile</string>
		</dict>
		<key>B43DB75A19FC130800AD9BCF</key>
		<dict>
			<key>fileEncoding</key>
			<string>4</string>
			<key>isa</key>
			<string>PBXFileReference</string>
			<key>lastKnownFileType</key>
			<string>sourcecode.c.h</string>
			<key>path</key>
			<string>KHCollectionController.h</string>
			<key>sourceTree</key>
			<string>&lt;group&gt;</string>
		</dict>
		<key>B43DB75B19FC130800AD9BCF</key>
		<dict>
			<key>fileEncoding</key>
			<string>4</string>
			<key>isa</key>
			<string>PBXFileReference</string>
			<key>lastKnownFileType</key>
			<string>sourcecode.c.objc</string>
			<key>path</key>
			<string>KHCollectionController.m</string>
			<key>sourceTree</key>
			<string>&lt;group&gt;</string>
		</dict>
		<key>B43DB75C19FC130800AD9BCF</key>
		<dict>
			<key>fileRef</key>
			<string>B43DB75B19FC130800AD9BCF</string>
			<key>isa</key>
			<string>PBXBuildFile</string>
		</dict>
		<key>B483D1B519FBFA62003EAFE6</key>
		<dict>
			<key>children</key>
			<array>
				<string>B483D1B619FBFAA6003EAFE6</string>
				<string>B483D1B719FBFAA6003EAFE6</string>
				<string>B483D1B919FBFB98003EAFE6</string>
				<string>B43DB75519FC077500AD9BCF</string>
				<string>B43DB75619FC077500AD9BCF</string>
				<string>B43DB75719FC077500AD9BCF</string>
			</array>
			<key>isa</key>
			<string>PBXGroup</string>
			<key>path</key>
			<string>Cell</string>
			<key>sourceTree</key>
			<string>&lt;group&gt;</string>
		</dict>
		<key>B483D1B619FBFAA6003EAFE6</key>
		<dict>
			<key>fileEncoding</key>
			<string>4</string>
			<key>isa</key>
			<string>PBXFileReference</string>
			<key>lastKnownFileType</key>
			<string>sourcecode.c.h</string>
			<key>path</key>
			<string>KHContentLoadingCollectionCell.h</string>
			<key>sourceTree</key>
			<string>&lt;group&gt;</string>
		</dict>
		<key>B483D1B719FBFAA6003EAFE6</key>
		<dict>
			<key>fileEncoding</key>
			<string>4</string>
			<key>isa</key>
			<string>PBXFileReference</string>
			<key>lastKnownFileType</key>
			<string>sourcecode.c.objc</string>
			<key>path</key>
			<string>KHContentLoadingCollectionCell.m</string>
			<key>sourceTree</key>
			<string>&lt;group&gt;</string>
		</dict>
		<key>B483D1B819FBFAA6003EAFE6</key>
		<dict>
			<key>fileRef</key>
			<string>B483D1B719FBFAA6003EAFE6</string>
			<key>isa</key>
			<string>PBXBuildFile</string>
		</dict>
		<key>B483D1B919FBFB98003EAFE6</key>
		<dict>
			<key>fileEncoding</key>
			<string>4</string>
			<key>isa</key>
			<string>PBXFileReference</string>
			<key>lastKnownFileType</key>
			<string>file.xib</string>
			<key>path</key>
			<string>KHContentLoadingCollectionCell.xib</string>
			<key>sourceTree</key>
			<string>&lt;group&gt;</string>
		</dict>
		<key>B483D1BA19FBFB98003EAFE6</key>
		<dict>
			<key>fileRef</key>
			<string>B483D1B919FBFB98003EAFE6</string>
			<key>isa</key>
			<string>PBXBuildFile</string>
		</dict>
		<key>B483D1C019FBFFC2003EAFE6</key>
		<dict>
			<key>fileEncoding</key>
			<string>4</string>
			<key>isa</key>
			<string>PBXFileReference</string>
			<key>lastKnownFileType</key>
			<string>sourcecode.c.h</string>
			<key>path</key>
			<string>KHBasicFluentCollectionViewController.h</string>
			<key>sourceTree</key>
			<string>&lt;group&gt;</string>
		</dict>
		<key>B483D1C119FBFFC2003EAFE6</key>
		<dict>
			<key>fileEncoding</key>
			<string>4</string>
			<key>isa</key>
			<string>PBXFileReference</string>
			<key>lastKnownFileType</key>
			<string>sourcecode.c.objc</string>
			<key>path</key>
			<string>KHBasicFluentCollectionViewController.m</string>
			<key>sourceTree</key>
			<string>&lt;group&gt;</string>
		</dict>
		<key>B483D1C219FBFFC2003EAFE6</key>
		<dict>
			<key>fileRef</key>
			<string>B483D1C119FBFFC2003EAFE6</string>
			<key>isa</key>
			<string>PBXBuildFile</string>
		</dict>
		<key>B483D1C319FC019B003EAFE6</key>
		<dict>
			<key>fileEncoding</key>
			<string>4</string>
			<key>isa</key>
			<string>PBXFileReference</string>
			<key>lastKnownFileType</key>
			<string>sourcecode.c.h</string>
			<key>path</key>
			<string>KHImageCollectionViewCell.h</string>
			<key>sourceTree</key>
			<string>&lt;group&gt;</string>
		</dict>
		<key>B483D1C419FC019B003EAFE6</key>
		<dict>
			<key>fileEncoding</key>
			<string>4</string>
			<key>isa</key>
			<string>PBXFileReference</string>
			<key>lastKnownFileType</key>
			<string>sourcecode.c.objc</string>
			<key>path</key>
			<string>KHImageCollectionViewCell.m</string>
			<key>sourceTree</key>
			<string>&lt;group&gt;</string>
		</dict>
		<key>B483D1C519FC019B003EAFE6</key>
		<dict>
			<key>fileEncoding</key>
			<string>4</string>
			<key>isa</key>
			<string>PBXFileReference</string>
			<key>lastKnownFileType</key>
			<string>file.xib</string>
			<key>path</key>
			<string>KHImageCollectionViewCell.xib</string>
			<key>sourceTree</key>
			<string>&lt;group&gt;</string>
		</dict>
		<key>B483D1C619FC019B003EAFE6</key>
		<dict>
			<key>fileRef</key>
			<string>B483D1C419FC019B003EAFE6</string>
			<key>isa</key>
			<string>PBXBuildFile</string>
		</dict>
		<key>B483D1C719FC019B003EAFE6</key>
		<dict>
			<key>fileRef</key>
			<string>B483D1C519FC019B003EAFE6</string>
			<key>isa</key>
			<string>PBXBuildFile</string>
		</dict>
		<key>B483D1C819FC0447003EAFE6</key>
		<dict>
			<key>fileEncoding</key>
			<string>4</string>
			<key>isa</key>
			<string>PBXFileReference</string>
			<key>lastKnownFileType</key>
			<string>sourcecode.c.h</string>
			<key>path</key>
			<string>KHPopularCollectionCellFactory.h</string>
			<key>sourceTree</key>
			<string>&lt;group&gt;</string>
		</dict>
		<key>B483D1C919FC0447003EAFE6</key>
		<dict>
			<key>fileEncoding</key>
			<string>4</string>
			<key>isa</key>
			<string>PBXFileReference</string>
			<key>lastKnownFileType</key>
			<string>sourcecode.c.objc</string>
			<key>path</key>
			<string>KHPopularCollectionCellFactory.m</string>
			<key>sourceTree</key>
			<string>&lt;group&gt;</string>
		</dict>
		<key>B483D1CA19FC0447003EAFE6</key>
		<dict>
			<key>fileRef</key>
			<string>B483D1C919FC0447003EAFE6</string>
			<key>isa</key>
			<string>PBXBuildFile</string>
		</dict>
		<key>B48AF8A519FCF0260051AF5B</key>
		<dict>
			<key>fileEncoding</key>
			<string>4</string>
			<key>isa</key>
			<string>PBXFileReference</string>
			<key>lastKnownFileType</key>
			<string>file.storyboard</string>
			<key>path</key>
			<string>FreshTodayCollection.storyboard</string>
			<key>sourceTree</key>
			<string>&lt;group&gt;</string>
		</dict>
		<key>B48AF8A619FCF0260051AF5B</key>
		<dict>
			<key>fileRef</key>
			<string>B48AF8A519FCF0260051AF5B</string>
			<key>isa</key>
			<string>PBXBuildFile</string>
		</dict>
		<key>B48AF8A719FCF2A10051AF5B</key>
		<dict>
			<key>fileEncoding</key>
			<string>4</string>
			<key>isa</key>
			<string>PBXFileReference</string>
			<key>lastKnownFileType</key>
			<string>sourcecode.c.h</string>
			<key>path</key>
			<string>KHFreshTodayCollectionViewController.h</string>
			<key>sourceTree</key>
			<string>&lt;group&gt;</string>
		</dict>
		<key>B48AF8A819FCF2A10051AF5B</key>
		<dict>
			<key>fileEncoding</key>
			<string>4</string>
			<key>isa</key>
			<string>PBXFileReference</string>
			<key>lastKnownFileType</key>
			<string>sourcecode.c.objc</string>
			<key>path</key>
			<string>KHFreshTodayCollectionViewController.m</string>
			<key>sourceTree</key>
			<string>&lt;group&gt;</string>
		</dict>
		<key>B48AF8A919FCF2A10051AF5B</key>
		<dict>
			<key>fileRef</key>
			<string>B48AF8A819FCF2A10051AF5B</string>
			<key>isa</key>
			<string>PBXBuildFile</string>
		</dict>
		<key>B48AF8AA19FCF9F40051AF5B</key>
		<dict>
			<key>fileEncoding</key>
			<string>4</string>
			<key>isa</key>
			<string>PBXFileReference</string>
			<key>lastKnownFileType</key>
			<string>sourcecode.c.objc</string>
			<key>path</key>
			<string>KHBasicOrderedCollectionViewController.m</string>
			<key>sourceTree</key>
			<string>&lt;group&gt;</string>
		</dict>
		<key>B48AF8AB19FCF9F40051AF5B</key>
		<dict>
			<key>fileRef</key>
			<string>B48AF8AA19FCF9F40051AF5B</string>
			<key>isa</key>
			<string>PBXBuildFile</string>
		</dict>
		<key>B48E7E0419F51170001AE856</key>
		<dict>
			<key>fileEncoding</key>
			<string>4</string>
			<key>isa</key>
			<string>PBXFileReference</string>
			<key>lastKnownFileType</key>
			<string>sourcecode.c.h</string>
			<key>path</key>
			<string>KHBasicOrderedTableViewController.h</string>
			<key>sourceTree</key>
			<string>&lt;group&gt;</string>
		</dict>
		<key>B48E7E0519F51170001AE856</key>
		<dict>
			<key>fileEncoding</key>
			<string>4</string>
			<key>isa</key>
			<string>PBXFileReference</string>
			<key>lastKnownFileType</key>
			<string>sourcecode.c.objc</string>
			<key>path</key>
			<string>KHBasicOrderedTableViewController.m</string>
			<key>sourceTree</key>
			<string>&lt;group&gt;</string>
		</dict>
		<key>B48E7E0619F51170001AE856</key>
		<dict>
			<key>fileRef</key>
			<string>B48E7E0519F51170001AE856</string>
			<key>isa</key>
			<string>PBXBuildFile</string>
		</dict>
		<key>B4A95D7D19F4BAFB001282DF</key>
		<dict>
			<key>children</key>
			<array>
				<string>B4A95D8819F4BAFB001282DF</string>
				<string>B4A95DA219F4BAFB001282DF</string>
				<string>B4A95D8719F4BAFB001282DF</string>
				<string>10069704282CEC07A0342C50</string>
				<string>93CCA0C240C6B956650BAECD</string>
			</array>
			<key>isa</key>
			<string>PBXGroup</string>
			<key>sourceTree</key>
			<string>&lt;group&gt;</string>
		</dict>
		<key>B4A95D7E19F4BAFB001282DF</key>
		<dict>
			<key>attributes</key>
			<dict>
				<key>LastUpgradeCheck</key>
				<string>0600</string>
				<key>ORGANIZATIONNAME</key>
				<string>Tri&#7879;u Khang</string>
				<key>TargetAttributes</key>
				<dict>
					<key>B4A95D8519F4BAFB001282DF</key>
					<dict>
						<key>CreatedOnToolsVersion</key>
						<string>6.0.1</string>
					</dict>
					<key>B4A95D9E19F4BAFB001282DF</key>
					<dict>
						<key>CreatedOnToolsVersion</key>
						<string>6.0.1</string>
						<key>TestTargetID</key>
						<string>B4A95D8519F4BAFB001282DF</string>
					</dict>
				</dict>
			</dict>
			<key>buildConfigurationList</key>
			<string>B4A95D8119F4BAFB001282DF</string>
			<key>compatibilityVersion</key>
			<string>Xcode 3.2</string>
			<key>developmentRegion</key>
			<string>English</string>
			<key>hasScannedForEncodings</key>
			<string>0</string>
			<key>isa</key>
			<string>PBXProject</string>
			<key>knownRegions</key>
			<array>
				<string>en</string>
				<string>Base</string>
			</array>
			<key>mainGroup</key>
			<string>B4A95D7D19F4BAFB001282DF</string>
			<key>productRefGroup</key>
			<string>B4A95D8719F4BAFB001282DF</string>
			<key>projectDirPath</key>
			<string></string>
			<key>projectReferences</key>
			<array/>
			<key>projectRoot</key>
			<string></string>
			<key>targets</key>
			<array>
				<string>B4A95D8519F4BAFB001282DF</string>
				<string>B4A95D9E19F4BAFB001282DF</string>
			</array>
		</dict>
		<key>B4A95D8119F4BAFB001282DF</key>
		<dict>
			<key>buildConfigurations</key>
			<array>
				<string>B4A95DA719F4BAFB001282DF</string>
				<string>B4A95DA819F4BAFB001282DF</string>
			</array>
			<key>defaultConfigurationIsVisible</key>
			<string>0</string>
			<key>defaultConfigurationName</key>
			<string>Release</string>
			<key>isa</key>
			<string>XCConfigurationList</string>
		</dict>
		<key>B4A95D8219F4BAFB001282DF</key>
		<dict>
			<key>buildActionMask</key>
			<string>2147483647</string>
			<key>files</key>
			<array>
				<string>B4A95E6819F4C1BA001282DF</string>
				<string>B4A95E0619F4BC62001282DF</string>
				<string>B483D1C619FC019B003EAFE6</string>
				<string>B4A95E4B19F4BE9F001282DF</string>
				<string>B4A95E3F19F4BE9F001282DF</string>
				<string>B43DB75819FC077500AD9BCF</string>
				<string>B4A95E6C19F4CE55001282DF</string>
				<string>B4A95E4419F4BE9F001282DF</string>
				<string>B483D1B819FBFAA6003EAFE6</string>
				<string>B4A95E0519F4BC62001282DF</string>
				<string>B4A95E0419F4BC62001282DF</string>
				<string>B4A95E4D19F4BE9F001282DF</string>
				<string>B4A95E4819F4BE9F001282DF</string>
				<string>B4A95D8F19F4BAFB001282DF</string>
				<string>B4A95E3D19F4BE9F001282DF</string>
				<string>B4A95E4919F4BE9F001282DF</string>
				<string>B48AF8AB19FCF9F40051AF5B</string>
				<string>B48E7E0619F51170001AE856</string>
				<string>B4208A3019FBBEA1004D348B</string>
				<string>B4A95E4719F4BE9F001282DF</string>
				<string>B4A95E6F19F4CE9A001282DF</string>
				<string>B4A95E5419F4BF02001282DF</string>
				<string>B4A95D8C19F4BAFB001282DF</string>
				<string>B483D1CA19FC0447003EAFE6</string>
				<string>B4A95E4E19F4BE9F001282DF</string>
				<string>B4A95E4C19F4BE9F001282DF</string>
				<string>B4A95E6019F4C0AC001282DF</string>
				<string>B483D1C219FBFFC2003EAFE6</string>
				<string>B4A95E4619F4BE9F001282DF</string>
				<string>B4A95E5719F4BF57001282DF</string>
				<string>B4A95E4A19F4BE9F001282DF</string>
				<string>B4A95E6319F4C151001282DF</string>
				<string>B4A95E5A19F4C07E001282DF</string>
				<string>B4A95E4319F4BE9F001282DF</string>
				<string>B4A95E3C19F4BE9F001282DF</string>
				<string>B4A95E5D19F4C09C001282DF</string>
				<string>B4A95E4119F4BE9F001282DF</string>
				<string>B48AF8A919FCF2A10051AF5B</string>
				<string>B43DB75C19FC130800AD9BCF</string>
			</array>
			<key>isa</key>
			<string>PBXSourcesBuildPhase</string>
			<key>runOnlyForDeploymentPostprocessing</key>
			<string>0</string>
		</dict>
		<key>B4A95D8319F4BAFB001282DF</key>
		<dict>
			<key>buildActionMask</key>
			<string>2147483647</string>
			<key>files</key>
			<array>
				<string>724A47EA55B0BC7D71344F66</string>
			</array>
			<key>isa</key>
			<string>PBXFrameworksBuildPhase</string>
			<key>runOnlyForDeploymentPostprocessing</key>
			<string>0</string>
		</dict>
		<key>B4A95D8419F4BAFB001282DF</key>
		<dict>
			<key>buildActionMask</key>
			<string>2147483647</string>
			<key>files</key>
			<array>
				<string>B4A95E3E19F4BE9F001282DF</string>
				<string>B4A95DF919F4BBFC001282DF</string>
				<string>B4A95E4019F4BE9F001282DF</string>
				<string>B483D1C719FC019B003EAFE6</string>
				<string>B4A95DFC19F4BC0A001282DF</string>
				<string>B4A95E6919F4C1BA001282DF</string>
				<string>B4A95DFD19F4BC0A001282DF</string>
				<string>B4A95E4219F4BE9F001282DF</string>
				<string>B43DB75919FC077500AD9BCF</string>
				<string>B48AF8A619FCF0260051AF5B</string>
				<string>B483D1BA19FBFB98003EAFE6</string>
				<string>B4A95D9A19F4BAFB001282DF</string>
				<string>B4A95D9719F4BAFB001282DF</string>
			</array>
			<key>isa</key>
			<string>PBXResourcesBuildPhase</string>
			<key>runOnlyForDeploymentPostprocessing</key>
			<string>0</string>
		</dict>
		<key>B4A95D8519F4BAFB001282DF</key>
		<dict>
			<key>buildConfigurationList</key>
			<string>B4A95DA919F4BAFB001282DF</string>
			<key>buildPhases</key>
			<array>
				<string>0F13B5F3FA0CAC6D16839F97</string>
				<string>B4A95D8219F4BAFB001282DF</string>
				<string>B4A95D8319F4BAFB001282DF</string>
				<string>B4A95D8419F4BAFB001282DF</string>
				<string>0B6C512BBBA621DBCF675A05</string>
			</array>
			<key>buildRules</key>
			<array/>
			<key>dependencies</key>
			<array/>
			<key>isa</key>
			<string>PBXNativeTarget</string>
			<key>name</key>
			<string>KHTableViewController</string>
			<key>productName</key>
			<string>KHTableViewController</string>
			<key>productReference</key>
			<string>B4A95D8619F4BAFB001282DF</string>
			<key>productType</key>
			<string>com.apple.product-type.application</string>
		</dict>
		<key>B4A95D8619F4BAFB001282DF</key>
		<dict>
			<key>explicitFileType</key>
			<string>wrapper.application</string>
			<key>includeInIndex</key>
			<string>0</string>
			<key>isa</key>
			<string>PBXFileReference</string>
			<key>path</key>
			<string>KHTableViewController.app</string>
			<key>sourceTree</key>
			<string>BUILT_PRODUCTS_DIR</string>
		</dict>
		<key>B4A95D8719F4BAFB001282DF</key>
		<dict>
			<key>children</key>
			<array>
				<string>B4A95D8619F4BAFB001282DF</string>
				<string>B4A95D9F19F4BAFB001282DF</string>
			</array>
			<key>isa</key>
			<string>PBXGroup</string>
			<key>name</key>
			<string>Products</string>
			<key>sourceTree</key>
			<string>&lt;group&gt;</string>
		</dict>
		<key>B4A95D8819F4BAFB001282DF</key>
		<dict>
			<key>children</key>
			<array>
				<string>B4A95E0719F4BE9F001282DF</string>
				<string>B4A95E6419F4C1BA001282DF</string>
				<string>B4A95E6119F4C151001282DF</string>
				<string>B4A95E6219F4C151001282DF</string>
				<string>B4A95E5E19F4C0AC001282DF</string>
				<string>B4A95E5F19F4C0AC001282DF</string>
				<string>B4A95E5819F4C07E001282DF</string>
				<string>B4A95E5919F4C07E001282DF</string>
				<string>B4A95E5519F4BF57001282DF</string>
				<string>B4A95E5619F4BF57001282DF</string>
				<string>B4A95E5119F4BF02001282DF</string>
				<string>B4A95E5219F4BF02001282DF</string>
				<string>B4A95E0119F4BC62001282DF</string>
				<string>B4A95DFE19F4BC62001282DF</string>
				<string>B48AF8A719FCF2A10051AF5B</string>
				<string>B48AF8A819FCF2A10051AF5B</string>
				<string>B4A95E5B19F4C09C001282DF</string>
				<string>B4A95E5C19F4C09C001282DF</string>
				<string>B4A95E0319F4BC62001282DF</string>
				<string>B4A95DFF19F4BC62001282DF</string>
				<string>B4A95E0219F4BC62001282DF</string>
				<string>B4A95E0019F4BC62001282DF</string>
				<string>B4A95D8D19F4BAFB001282DF</string>
				<string>B4A95D8E19F4BAFB001282DF</string>
				<string>B4A95DF819F4BBFC001282DF</string>
				<string>B4A95DFA19F4BC0A001282DF</string>
				<string>B4A95DFB19F4BC0A001282DF</string>
				<string>B48AF8A519FCF0260051AF5B</string>
				<string>B4A95D9619F4BAFB001282DF</string>
				<string>B4A95D9819F4BAFB001282DF</string>
				<string>B4A95D8919F4BAFB001282DF</string>
				<string>B483D1C819FC0447003EAFE6</string>
				<string>B483D1C919FC0447003EAFE6</string>
			</array>
			<key>isa</key>
			<string>PBXGroup</string>
			<key>path</key>
			<string>KHTableViewController</string>
			<key>sourceTree</key>
			<string>&lt;group&gt;</string>
		</dict>
		<key>B4A95D8919F4BAFB001282DF</key>
		<dict>
			<key>children</key>
			<array>
				<string>B4A95D8A19F4BAFB001282DF</string>
				<string>B4A95D8B19F4BAFB001282DF</string>
			</array>
			<key>isa</key>
			<string>PBXGroup</string>
			<key>name</key>
			<string>Supporting Files</string>
			<key>sourceTree</key>
			<string>&lt;group&gt;</string>
		</dict>
		<key>B4A95D8A19F4BAFB001282DF</key>
		<dict>
			<key>isa</key>
			<string>PBXFileReference</string>
			<key>lastKnownFileType</key>
			<string>text.plist.xml</string>
			<key>path</key>
			<string>Info.plist</string>
			<key>sourceTree</key>
			<string>&lt;group&gt;</string>
		</dict>
		<key>B4A95D8B19F4BAFB001282DF</key>
		<dict>
			<key>isa</key>
			<string>PBXFileReference</string>
			<key>lastKnownFileType</key>
			<string>sourcecode.c.objc</string>
			<key>path</key>
			<string>main.m</string>
			<key>sourceTree</key>
			<string>&lt;group&gt;</string>
		</dict>
		<key>B4A95D8C19F4BAFB001282DF</key>
		<dict>
			<key>fileRef</key>
			<string>B4A95D8B19F4BAFB001282DF</string>
			<key>isa</key>
			<string>PBXBuildFile</string>
		</dict>
		<key>B4A95D8D19F4BAFB001282DF</key>
		<dict>
			<key>isa</key>
			<string>PBXFileReference</string>
			<key>lastKnownFileType</key>
			<string>sourcecode.c.h</string>
			<key>path</key>
			<string>AppDelegate.h</string>
			<key>sourceTree</key>
			<string>&lt;group&gt;</string>
		</dict>
		<key>B4A95D8E19F4BAFB001282DF</key>
		<dict>
			<key>isa</key>
			<string>PBXFileReference</string>
			<key>lastKnownFileType</key>
			<string>sourcecode.c.objc</string>
			<key>path</key>
			<string>AppDelegate.m</string>
			<key>sourceTree</key>
			<string>&lt;group&gt;</string>
		</dict>
		<key>B4A95D8F19F4BAFB001282DF</key>
		<dict>
			<key>fileRef</key>
			<string>B4A95D8E19F4BAFB001282DF</string>
			<key>isa</key>
			<string>PBXBuildFile</string>
		</dict>
		<key>B4A95D9619F4BAFB001282DF</key>
		<dict>
			<key>isa</key>
			<string>PBXFileReference</string>
			<key>lastKnownFileType</key>
			<string>folder.assetcatalog</string>
			<key>path</key>
			<string>Images.xcassets</string>
			<key>sourceTree</key>
			<string>&lt;group&gt;</string>
		</dict>
		<key>B4A95D9719F4BAFB001282DF</key>
		<dict>
			<key>fileRef</key>
			<string>B4A95D9619F4BAFB001282DF</string>
			<key>isa</key>
			<string>PBXBuildFile</string>
		</dict>
		<key>B4A95D9819F4BAFB001282DF</key>
		<dict>
			<key>children</key>
			<array>
				<string>B4A95D9919F4BAFB001282DF</string>
			</array>
			<key>isa</key>
			<string>PBXVariantGroup</string>
			<key>name</key>
			<string>LaunchScreen.xib</string>
			<key>sourceTree</key>
			<string>&lt;group&gt;</string>
		</dict>
		<key>B4A95D9919F4BAFB001282DF</key>
		<dict>
			<key>isa</key>
			<string>PBXFileReference</string>
			<key>lastKnownFileType</key>
			<string>file.xib</string>
			<key>name</key>
			<string>Base</string>
			<key>path</key>
			<string>Base.lproj/LaunchScreen.xib</string>
			<key>sourceTree</key>
			<string>&lt;group&gt;</string>
		</dict>
		<key>B4A95D9A19F4BAFB001282DF</key>
		<dict>
			<key>fileRef</key>
			<string>B4A95D9819F4BAFB001282DF</string>
			<key>isa</key>
			<string>PBXBuildFile</string>
		</dict>
		<key>B4A95D9B19F4BAFB001282DF</key>
		<dict>
			<key>buildActionMask</key>
			<string>2147483647</string>
			<key>files</key>
			<array>
				<string>B4A95DA619F4BAFB001282DF</string>
			</array>
			<key>isa</key>
			<string>PBXSourcesBuildPhase</string>
			<key>runOnlyForDeploymentPostprocessing</key>
			<string>0</string>
		</dict>
		<key>B4A95D9C19F4BAFB001282DF</key>
		<dict>
			<key>buildActionMask</key>
			<string>2147483647</string>
			<key>files</key>
			<array/>
			<key>isa</key>
			<string>PBXFrameworksBuildPhase</string>
			<key>runOnlyForDeploymentPostprocessing</key>
			<string>0</string>
		</dict>
		<key>B4A95D9D19F4BAFB001282DF</key>
		<dict>
			<key>buildActionMask</key>
			<string>2147483647</string>
			<key>files</key>
			<array/>
			<key>isa</key>
			<string>PBXResourcesBuildPhase</string>
			<key>runOnlyForDeploymentPostprocessing</key>
			<string>0</string>
		</dict>
		<key>B4A95D9E19F4BAFB001282DF</key>
		<dict>
			<key>buildConfigurationList</key>
			<string>B4A95DAC19F4BAFB001282DF</string>
			<key>buildPhases</key>
			<array>
				<string>B4A95D9B19F4BAFB001282DF</string>
				<string>B4A95D9C19F4BAFB001282DF</string>
				<string>B4A95D9D19F4BAFB001282DF</string>
			</array>
			<key>buildRules</key>
			<array/>
			<key>dependencies</key>
			<array>
				<string>B4A95DA119F4BAFB001282DF</string>
			</array>
			<key>isa</key>
			<string>PBXNativeTarget</string>
			<key>name</key>
			<string>KHTableViewControllerTests</string>
			<key>productName</key>
			<string>KHTableViewControllerTests</string>
			<key>productReference</key>
			<string>B4A95D9F19F4BAFB001282DF</string>
			<key>productType</key>
			<string>com.apple.product-type.bundle.unit-test</string>
		</dict>
		<key>B4A95D9F19F4BAFB001282DF</key>
		<dict>
			<key>explicitFileType</key>
			<string>wrapper.cfbundle</string>
			<key>includeInIndex</key>
			<string>0</string>
			<key>isa</key>
			<string>PBXFileReference</string>
			<key>path</key>
			<string>KHTableViewControllerTests.xctest</string>
			<key>sourceTree</key>
			<string>BUILT_PRODUCTS_DIR</string>
		</dict>
		<key>B4A95DA019F4BAFB001282DF</key>
		<dict>
			<key>containerPortal</key>
			<string>B4A95D7E19F4BAFB001282DF</string>
			<key>isa</key>
			<string>PBXContainerItemProxy</string>
			<key>proxyType</key>
			<string>1</string>
			<key>remoteGlobalIDString</key>
			<string>B4A95D8519F4BAFB001282DF</string>
			<key>remoteInfo</key>
			<string>KHTableViewController</string>
		</dict>
		<key>B4A95DA119F4BAFB001282DF</key>
		<dict>
			<key>isa</key>
			<string>PBXTargetDependency</string>
			<key>target</key>
			<string>B4A95D8519F4BAFB001282DF</string>
			<key>targetProxy</key>
			<string>B4A95DA019F4BAFB001282DF</string>
		</dict>
		<key>B4A95DA219F4BAFB001282DF</key>
		<dict>
			<key>children</key>
			<array>
				<string>B4A95DA519F4BAFB001282DF</string>
				<string>B4A95DA319F4BAFB001282DF</string>
			</array>
			<key>isa</key>
			<string>PBXGroup</string>
			<key>path</key>
			<string>KHTableViewControllerTests</string>
			<key>sourceTree</key>
			<string>&lt;group&gt;</string>
		</dict>
		<key>B4A95DA319F4BAFB001282DF</key>
		<dict>
			<key>children</key>
			<array>
				<string>B4A95DA419F4BAFB001282DF</string>
			</array>
			<key>isa</key>
			<string>PBXGroup</string>
			<key>name</key>
			<string>Supporting Files</string>
			<key>sourceTree</key>
			<string>&lt;group&gt;</string>
		</dict>
		<key>B4A95DA419F4BAFB001282DF</key>
		<dict>
			<key>isa</key>
			<string>PBXFileReference</string>
			<key>lastKnownFileType</key>
			<string>text.plist.xml</string>
			<key>path</key>
			<string>Info.plist</string>
			<key>sourceTree</key>
			<string>&lt;group&gt;</string>
		</dict>
		<key>B4A95DA519F4BAFB001282DF</key>
		<dict>
			<key>isa</key>
			<string>PBXFileReference</string>
			<key>lastKnownFileType</key>
			<string>sourcecode.c.objc</string>
			<key>path</key>
			<string>KHTableViewControllerTests.m</string>
			<key>sourceTree</key>
			<string>&lt;group&gt;</string>
		</dict>
		<key>B4A95DA619F4BAFB001282DF</key>
		<dict>
			<key>fileRef</key>
			<string>B4A95DA519F4BAFB001282DF</string>
			<key>isa</key>
			<string>PBXBuildFile</string>
		</dict>
		<key>B4A95DA719F4BAFB001282DF</key>
		<dict>
			<key>buildSettings</key>
			<dict>
				<key>ALWAYS_SEARCH_USER_PATHS</key>
				<string>NO</string>
				<key>CLANG_CXX_LANGUAGE_STANDARD</key>
				<string>gnu++0x</string>
				<key>CLANG_CXX_LIBRARY</key>
				<string>libc++</string>
				<key>CLANG_ENABLE_MODULES</key>
				<string>YES</string>
				<key>CLANG_ENABLE_OBJC_ARC</key>
				<string>YES</string>
				<key>CLANG_WARN_BOOL_CONVERSION</key>
				<string>YES</string>
				<key>CLANG_WARN_CONSTANT_CONVERSION</key>
				<string>YES</string>
				<key>CLANG_WARN_DIRECT_OBJC_ISA_USAGE</key>
				<string>YES_ERROR</string>
				<key>CLANG_WARN_EMPTY_BODY</key>
				<string>YES</string>
				<key>CLANG_WARN_ENUM_CONVERSION</key>
				<string>YES</string>
				<key>CLANG_WARN_INT_CONVERSION</key>
				<string>YES</string>
				<key>CLANG_WARN_OBJC_ROOT_CLASS</key>
				<string>YES_ERROR</string>
				<key>CLANG_WARN_UNREACHABLE_CODE</key>
				<string>YES</string>
				<key>CLANG_WARN__DUPLICATE_METHOD_MATCH</key>
				<string>YES</string>
				<key>CODE_SIGN_IDENTITY[sdk=iphoneos*]</key>
				<string>iPhone Developer</string>
				<key>COPY_PHASE_STRIP</key>
				<string>NO</string>
				<key>ENABLE_STRICT_OBJC_MSGSEND</key>
				<string>YES</string>
				<key>GCC_C_LANGUAGE_STANDARD</key>
				<string>gnu99</string>
				<key>GCC_DYNAMIC_NO_PIC</key>
				<string>NO</string>
				<key>GCC_OPTIMIZATION_LEVEL</key>
				<string>0</string>
				<key>GCC_PREPROCESSOR_DEFINITIONS</key>
				<array>
					<string>DEBUG=1</string>
					<string>$(inherited)</string>
				</array>
				<key>GCC_SYMBOLS_PRIVATE_EXTERN</key>
				<string>NO</string>
				<key>GCC_WARN_64_TO_32_BIT_CONVERSION</key>
				<string>YES</string>
				<key>GCC_WARN_ABOUT_RETURN_TYPE</key>
				<string>YES_ERROR</string>
				<key>GCC_WARN_UNDECLARED_SELECTOR</key>
				<string>YES</string>
				<key>GCC_WARN_UNINITIALIZED_AUTOS</key>
				<string>YES_AGGRESSIVE</string>
				<key>GCC_WARN_UNUSED_FUNCTION</key>
				<string>YES</string>
				<key>GCC_WARN_UNUSED_VARIABLE</key>
				<string>YES</string>
				<key>IPHONEOS_DEPLOYMENT_TARGET</key>
				<string>8.0</string>
				<key>MTL_ENABLE_DEBUG_INFO</key>
				<string>YES</string>
				<key>ONLY_ACTIVE_ARCH</key>
				<string>YES</string>
				<key>SDKROOT</key>
				<string>iphoneos</string>
			</dict>
			<key>isa</key>
			<string>XCBuildConfiguration</string>
			<key>name</key>
			<string>Debug</string>
		</dict>
		<key>B4A95DA819F4BAFB001282DF</key>
		<dict>
			<key>buildSettings</key>
			<dict>
				<key>ALWAYS_SEARCH_USER_PATHS</key>
				<string>NO</string>
				<key>CLANG_CXX_LANGUAGE_STANDARD</key>
				<string>gnu++0x</string>
				<key>CLANG_CXX_LIBRARY</key>
				<string>libc++</string>
				<key>CLANG_ENABLE_MODULES</key>
				<string>YES</string>
				<key>CLANG_ENABLE_OBJC_ARC</key>
				<string>YES</string>
				<key>CLANG_WARN_BOOL_CONVERSION</key>
				<string>YES</string>
				<key>CLANG_WARN_CONSTANT_CONVERSION</key>
				<string>YES</string>
				<key>CLANG_WARN_DIRECT_OBJC_ISA_USAGE</key>
				<string>YES_ERROR</string>
				<key>CLANG_WARN_EMPTY_BODY</key>
				<string>YES</string>
				<key>CLANG_WARN_ENUM_CONVERSION</key>
				<string>YES</string>
				<key>CLANG_WARN_INT_CONVERSION</key>
				<string>YES</string>
				<key>CLANG_WARN_OBJC_ROOT_CLASS</key>
				<string>YES_ERROR</string>
				<key>CLANG_WARN_UNREACHABLE_CODE</key>
				<string>YES</string>
				<key>CLANG_WARN__DUPLICATE_METHOD_MATCH</key>
				<string>YES</string>
				<key>CODE_SIGN_IDENTITY[sdk=iphoneos*]</key>
				<string>iPhone Developer</string>
				<key>COPY_PHASE_STRIP</key>
				<string>YES</string>
				<key>ENABLE_NS_ASSERTIONS</key>
				<string>NO</string>
				<key>ENABLE_STRICT_OBJC_MSGSEND</key>
				<string>YES</string>
				<key>GCC_C_LANGUAGE_STANDARD</key>
				<string>gnu99</string>
				<key>GCC_WARN_64_TO_32_BIT_CONVERSION</key>
				<string>YES</string>
				<key>GCC_WARN_ABOUT_RETURN_TYPE</key>
				<string>YES_ERROR</string>
				<key>GCC_WARN_UNDECLARED_SELECTOR</key>
				<string>YES</string>
				<key>GCC_WARN_UNINITIALIZED_AUTOS</key>
				<string>YES_AGGRESSIVE</string>
				<key>GCC_WARN_UNUSED_FUNCTION</key>
				<string>YES</string>
				<key>GCC_WARN_UNUSED_VARIABLE</key>
				<string>YES</string>
				<key>IPHONEOS_DEPLOYMENT_TARGET</key>
				<string>8.0</string>
				<key>MTL_ENABLE_DEBUG_INFO</key>
				<string>NO</string>
				<key>SDKROOT</key>
				<string>iphoneos</string>
				<key>VALIDATE_PRODUCT</key>
				<string>YES</string>
			</dict>
			<key>isa</key>
			<string>XCBuildConfiguration</string>
			<key>name</key>
			<string>Release</string>
		</dict>
		<key>B4A95DA919F4BAFB001282DF</key>
		<dict>
			<key>buildConfigurations</key>
			<array>
				<string>B4A95DAA19F4BAFB001282DF</string>
				<string>B4A95DAB19F4BAFB001282DF</string>
			</array>
			<key>defaultConfigurationIsVisible</key>
			<string>0</string>
			<key>defaultConfigurationName</key>
			<string>Release</string>
			<key>isa</key>
			<string>XCConfigurationList</string>
		</dict>
		<key>B4A95DAA19F4BAFB001282DF</key>
		<dict>
			<key>baseConfigurationReference</key>
			<string>0CDE483670D7525A98D0AEC7</string>
			<key>buildSettings</key>
			<dict>
				<key>ASSETCATALOG_COMPILER_APPICON_NAME</key>
				<string>AppIcon</string>
				<key>INFOPLIST_FILE</key>
				<string>KHTableViewController/Info.plist</string>
				<key>LD_RUNPATH_SEARCH_PATHS</key>
				<string>$(inherited) @executable_path/Frameworks</string>
				<key>PRODUCT_NAME</key>
				<string>$(TARGET_NAME)</string>
			</dict>
			<key>isa</key>
			<string>XCBuildConfiguration</string>
			<key>name</key>
			<string>Debug</string>
		</dict>
		<key>B4A95DAB19F4BAFB001282DF</key>
		<dict>
			<key>baseConfigurationReference</key>
			<string>73FF677A0382F18ADCDF3E86</string>
			<key>buildSettings</key>
			<dict>
				<key>ASSETCATALOG_COMPILER_APPICON_NAME</key>
				<string>AppIcon</string>
				<key>INFOPLIST_FILE</key>
				<string>KHTableViewController/Info.plist</string>
				<key>LD_RUNPATH_SEARCH_PATHS</key>
				<string>$(inherited) @executable_path/Frameworks</string>
				<key>PRODUCT_NAME</key>
				<string>$(TARGET_NAME)</string>
			</dict>
			<key>isa</key>
			<string>XCBuildConfiguration</string>
			<key>name</key>
			<string>Release</string>
		</dict>
		<key>B4A95DAC19F4BAFB001282DF</key>
		<dict>
			<key>buildConfigurations</key>
			<array>
				<string>B4A95DAD19F4BAFB001282DF</string>
				<string>B4A95DAE19F4BAFB001282DF</string>
			</array>
			<key>defaultConfigurationIsVisible</key>
			<string>0</string>
			<key>defaultConfigurationName</key>
			<string>Release</string>
			<key>isa</key>
			<string>XCConfigurationList</string>
		</dict>
		<key>B4A95DAD19F4BAFB001282DF</key>
		<dict>
			<key>buildSettings</key>
			<dict>
				<key>BUNDLE_LOADER</key>
				<string>$(TEST_HOST)</string>
				<key>FRAMEWORK_SEARCH_PATHS</key>
				<array>
					<string>$(SDKROOT)/Developer/Library/Frameworks</string>
					<string>$(inherited)</string>
				</array>
				<key>GCC_PREPROCESSOR_DEFINITIONS</key>
				<array>
					<string>DEBUG=1</string>
					<string>$(inherited)</string>
				</array>
				<key>INFOPLIST_FILE</key>
				<string>KHTableViewControllerTests/Info.plist</string>
				<key>LD_RUNPATH_SEARCH_PATHS</key>
				<string>$(inherited) @executable_path/Frameworks @loader_path/Frameworks</string>
				<key>PRODUCT_NAME</key>
				<string>$(TARGET_NAME)</string>
				<key>TEST_HOST</key>
				<string>$(BUILT_PRODUCTS_DIR)/KHTableViewController.app/KHTableViewController</string>
			</dict>
			<key>isa</key>
			<string>XCBuildConfiguration</string>
			<key>name</key>
			<string>Debug</string>
		</dict>
		<key>B4A95DAE19F4BAFB001282DF</key>
		<dict>
			<key>buildSettings</key>
			<dict>
				<key>BUNDLE_LOADER</key>
				<string>$(TEST_HOST)</string>
				<key>FRAMEWORK_SEARCH_PATHS</key>
				<array>
					<string>$(SDKROOT)/Developer/Library/Frameworks</string>
					<string>$(inherited)</string>
				</array>
				<key>INFOPLIST_FILE</key>
				<string>KHTableViewControllerTests/Info.plist</string>
				<key>LD_RUNPATH_SEARCH_PATHS</key>
				<string>$(inherited) @executable_path/Frameworks @loader_path/Frameworks</string>
				<key>PRODUCT_NAME</key>
				<string>$(TARGET_NAME)</string>
				<key>TEST_HOST</key>
				<string>$(BUILT_PRODUCTS_DIR)/KHTableViewController.app/KHTableViewController</string>
			</dict>
			<key>isa</key>
			<string>XCBuildConfiguration</string>
			<key>name</key>
			<string>Release</string>
		</dict>
		<key>B4A95DF819F4BBFC001282DF</key>
		<dict>
			<key>fileEncoding</key>
			<string>4</string>
			<key>isa</key>
			<string>PBXFileReference</string>
			<key>lastKnownFileType</key>
			<string>file.storyboard</string>
			<key>path</key>
			<string>Main.storyboard</string>
			<key>sourceTree</key>
			<string>&lt;group&gt;</string>
		</dict>
		<key>B4A95DF919F4BBFC001282DF</key>
		<dict>
			<key>fileRef</key>
			<string>B4A95DF819F4BBFC001282DF</string>
			<key>isa</key>
			<string>PBXBuildFile</string>
		</dict>
		<key>B4A95DFA19F4BC0A001282DF</key>
		<dict>
			<key>fileEncoding</key>
			<string>4</string>
			<key>isa</key>
			<string>PBXFileReference</string>
			<key>lastKnownFileType</key>
			<string>file.storyboard</string>
			<key>path</key>
			<string>Popular.storyboard</string>
			<key>sourceTree</key>
			<string>&lt;group&gt;</string>
		</dict>
		<key>B4A95DFB19F4BC0A001282DF</key>
		<dict>
			<key>fileEncoding</key>
			<string>4</string>
			<key>isa</key>
			<string>PBXFileReference</string>
			<key>lastKnownFileType</key>
			<string>file.storyboard</string>
			<key>path</key>
			<string>FreshToday.storyboard</string>
			<key>sourceTree</key>
			<string>&lt;group&gt;</string>
		</dict>
		<key>B4A95DFC19F4BC0A001282DF</key>
		<dict>
			<key>fileRef</key>
			<string>B4A95DFA19F4BC0A001282DF</string>
			<key>isa</key>
			<string>PBXBuildFile</string>
		</dict>
		<key>B4A95DFD19F4BC0A001282DF</key>
		<dict>
			<key>fileRef</key>
			<string>B4A95DFB19F4BC0A001282DF</string>
			<key>isa</key>
			<string>PBXBuildFile</string>
		</dict>
		<key>B4A95DFE19F4BC62001282DF</key>
		<dict>
			<key>fileEncoding</key>
			<string>4</string>
			<key>isa</key>
			<string>PBXFileReference</string>
			<key>lastKnownFileType</key>
			<string>sourcecode.c.objc</string>
			<key>path</key>
			<string>KHFreshTodayImagesViewController.m</string>
			<key>sourceTree</key>
			<string>&lt;group&gt;</string>
		</dict>
		<key>B4A95DFF19F4BC62001282DF</key>
		<dict>
			<key>fileEncoding</key>
			<string>4</string>
			<key>isa</key>
			<string>PBXFileReference</string>
			<key>lastKnownFileType</key>
			<string>sourcecode.c.objc</string>
			<key>path</key>
			<string>KHMainViewController.m</string>
			<key>sourceTree</key>
			<string>&lt;group&gt;</string>
		</dict>
		<key>B4A95E0019F4BC62001282DF</key>
		<dict>
			<key>fileEncoding</key>
			<string>4</string>
			<key>isa</key>
			<string>PBXFileReference</string>
			<key>lastKnownFileType</key>
			<string>sourcecode.c.objc</string>
			<key>path</key>
			<string>ViewController.m</string>
			<key>sourceTree</key>
			<string>&lt;group&gt;</string>
		</dict>
		<key>B4A95E0119F4BC62001282DF</key>
		<dict>
			<key>fileEncoding</key>
			<string>4</string>
			<key>isa</key>
			<string>PBXFileReference</string>
			<key>lastKnownFileType</key>
			<string>sourcecode.c.h</string>
			<key>path</key>
			<string>KHFreshTodayImagesViewController.h</string>
			<key>sourceTree</key>
			<string>&lt;group&gt;</string>
		</dict>
		<key>B4A95E0219F4BC62001282DF</key>
		<dict>
			<key>fileEncoding</key>
			<string>4</string>
			<key>isa</key>
			<string>PBXFileReference</string>
			<key>lastKnownFileType</key>
			<string>sourcecode.c.h</string>
			<key>path</key>
			<string>ViewController.h</string>
			<key>sourceTree</key>
			<string>&lt;group&gt;</string>
		</dict>
		<key>B4A95E0319F4BC62001282DF</key>
		<dict>
			<key>fileEncoding</key>
			<string>4</string>
			<key>isa</key>
			<string>PBXFileReference</string>
			<key>lastKnownFileType</key>
			<string>sourcecode.c.h</string>
			<key>path</key>
			<string>KHMainViewController.h</string>
			<key>sourceTree</key>
			<string>&lt;group&gt;</string>
		</dict>
		<key>B4A95E0419F4BC62001282DF</key>
		<dict>
			<key>fileRef</key>
			<string>B4A95DFE19F4BC62001282DF</string>
			<key>isa</key>
			<string>PBXBuildFile</string>
		</dict>
		<key>B4A95E0519F4BC62001282DF</key>
		<dict>
			<key>fileRef</key>
			<string>B4A95DFF19F4BC62001282DF</string>
			<key>isa</key>
			<string>PBXBuildFile</string>
		</dict>
		<key>B4A95E0619F4BC62001282DF</key>
		<dict>
			<key>fileRef</key>
			<string>B4A95E0019F4BC62001282DF</string>
			<key>isa</key>
			<string>PBXBuildFile</string>
		</dict>
		<key>B4A95E0719F4BE9F001282DF</key>
		<dict>
			<key>children</key>
			<array>
				<string>B4208A2C19FBB9F7004D348B</string>
				<string>B4A95E0819F4BE9F001282DF</string>
				<string>B4A95E0B19F4BE9F001282DF</string>
				<string>B4A95E1519F4BE9F001282DF</string>
				<string>B4A95E1619F4BE9F001282DF</string>
				<string>B4A95E1919F4BE9F001282DF</string>
				<string>B4A95E1C19F4BE9F001282DF</string>
				<string>B4A95E2019F4BE9F001282DF</string>
				<string>B4A95E2419F4BE9F001282DF</string>
				<string>B4A95E2E19F4BE9F001282DF</string>
			</array>
			<key>isa</key>
			<string>PBXGroup</string>
			<key>path</key>
			<string>Classes</string>
			<key>sourceTree</key>
			<string>&lt;group&gt;</string>
		</dict>
		<key>B4A95E0819F4BE9F001282DF</key>
		<dict>
			<key>children</key>
			<array>
				<string>B48AF8AA19FCF9F40051AF5B</string>
				<string>B4A95E0919F4BE9F001282DF</string>
				<string>B4A95E0A19F4BE9F001282DF</string>
				<string>B48E7E0419F51170001AE856</string>
				<string>B48E7E0519F51170001AE856</string>
				<string>B483D1C019FBFFC2003EAFE6</string>
				<string>B483D1C119FBFFC2003EAFE6</string>
				<string>B4198B0C19FCE8A2001F61A4</string>
			</array>
			<key>isa</key>
			<string>PBXGroup</string>
			<key>path</key>
			<string>BasicTableViewController</string>
			<key>sourceTree</key>
			<string>&lt;group&gt;</string>
		</dict>
		<key>B4A95E0919F4BE9F001282DF</key>
		<dict>
			<key>fileEncoding</key>
			<string>4</string>
			<key>isa</key>
			<string>PBXFileReference</string>
			<key>lastKnownFileType</key>
			<string>sourcecode.c.h</string>
			<key>path</key>
			<string>KHBasicFluentTableViewController.h</string>
			<key>sourceTree</key>
			<string>&lt;group&gt;</string>
		</dict>
		<key>B4A95E0A19F4BE9F001282DF</key>
		<dict>
			<key>fileEncoding</key>
			<string>4</string>
			<key>isa</key>
			<string>PBXFileReference</string>
			<key>lastKnownFileType</key>
			<string>sourcecode.c.objc</string>
			<key>path</key>
			<string>KHBasicFluentTableViewController.m</string>
			<key>sourceTree</key>
			<string>&lt;group&gt;</string>
		</dict>
		<key>B4A95E0B19F4BE9F001282DF</key>
		<dict>
			<key>children</key>
			<array>
				<string>B4A95E0C19F4BE9F001282DF</string>
				<string>B4A95E0D19F4BE9F001282DF</string>
				<string>B4A95E0E19F4BE9F001282DF</string>
				<string>B4A95E0F19F4BE9F001282DF</string>
				<string>B4A95E1019F4BE9F001282DF</string>
				<string>B4A95E1119F4BE9F001282DF</string>
				<string>B4A95E1219F4BE9F001282DF</string>
				<string>B4A95E1319F4BE9F001282DF</string>
				<string>B4A95E1419F4BE9F001282DF</string>
			</array>
			<key>isa</key>
			<string>PBXGroup</string>
			<key>path</key>
			<string>Cell</string>
			<key>sourceTree</key>
			<string>&lt;group&gt;</string>
		</dict>
		<key>B4A95E0C19F4BE9F001282DF</key>
		<dict>
			<key>fileEncoding</key>
			<string>4</string>
			<key>isa</key>
			<string>PBXFileReference</string>
			<key>lastKnownFileType</key>
			<string>sourcecode.c.h</string>
			<key>path</key>
			<string>KHLoadingContentErrorTableViewCell.h</string>
			<key>sourceTree</key>
			<string>&lt;group&gt;</string>
		</dict>
		<key>B4A95E0D19F4BE9F001282DF</key>
		<dict>
			<key>fileEncoding</key>
			<string>4</string>
			<key>isa</key>
			<string>PBXFileReference</string>
			<key>lastKnownFileType</key>
			<string>sourcecode.c.objc</string>
			<key>path</key>
			<string>KHLoadingContentErrorTableViewCell.m</string>
			<key>sourceTree</key>
			<string>&lt;group&gt;</string>
		</dict>
		<key>B4A95E0E19F4BE9F001282DF</key>
		<dict>
			<key>fileEncoding</key>
			<string>4</string>
			<key>isa</key>
			<string>PBXFileReference</string>
			<key>lastKnownFileType</key>
			<string>file.xib</string>
			<key>path</key>
			<string>KHLoadingContentErrorTableViewCell.xib</string>
			<key>sourceTree</key>
			<string>&lt;group&gt;</string>
		</dict>
		<key>B4A95E0F19F4BE9F001282DF</key>
		<dict>
			<key>fileEncoding</key>
			<string>4</string>
			<key>isa</key>
			<string>PBXFileReference</string>
			<key>lastKnownFileType</key>
			<string>sourcecode.c.h</string>
			<key>path</key>
			<string>KHLoadingContentTableViewCell.h</string>
			<key>sourceTree</key>
			<string>&lt;group&gt;</string>
		</dict>
		<key>B4A95E1019F4BE9F001282DF</key>
		<dict>
			<key>fileEncoding</key>
			<string>4</string>
			<key>isa</key>
			<string>PBXFileReference</string>
			<key>lastKnownFileType</key>
			<string>sourcecode.c.objc</string>
			<key>path</key>
			<string>KHLoadingContentTableViewCell.m</string>
			<key>sourceTree</key>
			<string>&lt;group&gt;</string>
		</dict>
		<key>B4A95E1119F4BE9F001282DF</key>
		<dict>
			<key>fileEncoding</key>
			<string>4</string>
			<key>isa</key>
			<string>PBXFileReference</string>
			<key>lastKnownFileType</key>
			<string>file.xib</string>
			<key>path</key>
			<string>KHLoadingContentTableViewCell.xib</string>
			<key>sourceTree</key>
			<string>&lt;group&gt;</string>
		</dict>
		<key>B4A95E1219F4BE9F001282DF</key>
		<dict>
			<key>fileEncoding</key>
			<string>4</string>
			<key>isa</key>
			<string>PBXFileReference</string>
			<key>lastKnownFileType</key>
			<string>sourcecode.c.h</string>
			<key>path</key>
			<string>KHLoadMoreTableViewCell.h</string>
			<key>sourceTree</key>
			<string>&lt;group&gt;</string>
		</dict>
		<key>B4A95E1319F4BE9F001282DF</key>
		<dict>
			<key>fileEncoding</key>
			<string>4</string>
			<key>isa</key>
			<string>PBXFileReference</string>
			<key>lastKnownFileType</key>
			<string>sourcecode.c.objc</string>
			<key>path</key>
			<string>KHLoadMoreTableViewCell.m</string>
			<key>sourceTree</key>
			<string>&lt;group&gt;</string>
		</dict>
		<key>B4A95E1419F4BE9F001282DF</key>
		<dict>
			<key>fileEncoding</key>
			<string>4</string>
			<key>isa</key>
			<string>PBXFileReference</string>
			<key>lastKnownFileType</key>
			<string>file.xib</string>
			<key>path</key>
			<string>KHLoadMoreTableViewCell.xib</string>
			<key>sourceTree</key>
			<string>&lt;group&gt;</string>
		</dict>
		<key>B4A95E1519F4BE9F001282DF</key>
		<dict>
			<key>fileEncoding</key>
			<string>4</string>
			<key>isa</key>
			<string>PBXFileReference</string>
			<key>lastKnownFileType</key>
			<string>sourcecode.c.h</string>
			<key>path</key>
			<string>KHTableViewController.h</string>
			<key>sourceTree</key>
			<string>&lt;group&gt;</string>
		</dict>
		<key>B4A95E1619F4BE9F001282DF</key>
		<dict>
			<key>children</key>
			<array>
				<string>B4A95E1719F4BE9F001282DF</string>
				<string>B4A95E1819F4BE9F001282DF</string>
			</array>
			<key>isa</key>
			<string>PBXGroup</string>
			<key>path</key>
			<string>TableController</string>
			<key>sourceTree</key>
			<string>&lt;group&gt;</string>
		</dict>
		<key>B4A95E1719F4BE9F001282DF</key>
		<dict>
			<key>fileEncoding</key>
			<string>4</string>
			<key>isa</key>
			<string>PBXFileReference</string>
			<key>lastKnownFileType</key>
			<string>sourcecode.c.h</string>
			<key>path</key>
			<string>KHTableController.h</string>
			<key>sourceTree</key>
			<string>&lt;group&gt;</string>
		</dict>
		<key>B4A95E1819F4BE9F001282DF</key>
		<dict>
			<key>fileEncoding</key>
			<string>4</string>
			<key>isa</key>
			<string>PBXFileReference</string>
			<key>lastKnownFileType</key>
			<string>sourcecode.c.objc</string>
			<key>path</key>
			<string>KHTableController.m</string>
			<key>sourceTree</key>
			<string>&lt;group&gt;</string>
		</dict>
		<key>B4A95E1919F4BE9F001282DF</key>
		<dict>
			<key>children</key>
			<array>
				<string>B4A95E1A19F4BE9F001282DF</string>
				<string>B4A95E1B19F4BE9F001282DF</string>
				<string>B4A95E6A19F4CE55001282DF</string>
				<string>B4A95E6B19F4CE55001282DF</string>
				<string>B4A95E6D19F4CE9A001282DF</string>
				<string>B4A95E6E19F4CE9A001282DF</string>
			</array>
			<key>isa</key>
			<string>PBXGroup</string>
			<key>path</key>
			<string>TableViewCellFactory</string>
			<key>sourceTree</key>
			<string>&lt;group&gt;</string>
		</dict>
		<key>B4A95E1A19F4BE9F001282DF</key>
		<dict>
			<key>fileEncoding</key>
			<string>4</string>
			<key>isa</key>
			<string>PBXFileReference</string>
			<key>lastKnownFileType</key>
			<string>sourcecode.c.h</string>
			<key>path</key>
			<string>KHCellProtocol.h</string>
			<key>sourceTree</key>
			<string>&lt;group&gt;</string>
		</dict>
		<key>B4A95E1B19F4BE9F001282DF</key>
		<dict>
			<key>fileEncoding</key>
			<string>4</string>
			<key>isa</key>
			<string>PBXFileReference</string>
			<key>lastKnownFileType</key>
			<string>sourcecode.c.h</string>
			<key>path</key>
			<string>KHTableViewCellFactoryProtocol.h</string>
			<key>sourceTree</key>
			<string>&lt;group&gt;</string>
		</dict>
		<key>B4A95E1C19F4BE9F001282DF</key>
		<dict>
			<key>children</key>
			<array>
				<string>B4A95E1D19F4BE9F001282DF</string>
				<string>B4A95E1E19F4BE9F001282DF</string>
				<string>B4A95E1F19F4BE9F001282DF</string>
			</array>
			<key>isa</key>
			<string>PBXGroup</string>
			<key>path</key>
			<string>TableViewModel</string>
			<key>sourceTree</key>
			<string>&lt;group&gt;</string>
		</dict>
		<key>B4A95E1D19F4BE9F001282DF</key>
		<dict>
			<key>fileEncoding</key>
			<string>4</string>
			<key>isa</key>
			<string>PBXFileReference</string>
			<key>lastKnownFileType</key>
			<string>sourcecode.c.h</string>
			<key>path</key>
			<string>KHBasicTableViewModel.h</string>
			<key>sourceTree</key>
			<string>&lt;group&gt;</string>
		</dict>
		<key>B4A95E1E19F4BE9F001282DF</key>
		<dict>
			<key>fileEncoding</key>
			<string>4</string>
			<key>isa</key>
			<string>PBXFileReference</string>
			<key>lastKnownFileType</key>
			<string>sourcecode.c.objc</string>
			<key>path</key>
			<string>KHBasicTableViewModel.m</string>
			<key>sourceTree</key>
			<string>&lt;group&gt;</string>
		</dict>
		<key>B4A95E1F19F4BE9F001282DF</key>
		<dict>
			<key>fileEncoding</key>
			<string>4</string>
			<key>isa</key>
			<string>PBXFileReference</string>
			<key>lastKnownFileType</key>
			<string>sourcecode.c.h</string>
			<key>path</key>
			<string>KHTableViewModel.h</string>
			<key>sourceTree</key>
			<string>&lt;group&gt;</string>
		</dict>
		<key>B4A95E2019F4BE9F001282DF</key>
		<dict>
			<key>children</key>
			<array>
				<string>B4A95E2319F4BE9F001282DF</string>
			</array>
			<key>isa</key>
			<string>PBXGroup</string>
			<key>path</key>
			<string>TableViewSectionFactory</string>
			<key>sourceTree</key>
			<string>&lt;group&gt;</string>
		</dict>
		<key>B4A95E2319F4BE9F001282DF</key>
		<dict>
			<key>fileEncoding</key>
			<string>4</string>
			<key>isa</key>
			<string>PBXFileReference</string>
			<key>lastKnownFileType</key>
			<string>sourcecode.c.h</string>
			<key>path</key>
			<string>KHTableViewSectionFactoryProtocol.h</string>
			<key>sourceTree</key>
			<string>&lt;group&gt;</string>
		</dict>
		<key>B4A95E2419F4BE9F001282DF</key>
		<dict>
			<key>children</key>
			<array>
				<string>B4A95E2519F4BE9F001282DF</string>
				<string>B4A95E2619F4BE9F001282DF</string>
				<string>B4A95E2719F4BE9F001282DF</string>
				<string>B4A95E2819F4BE9F001282DF</string>
				<string>B4A95E2919F4BE9F001282DF</string>
				<string>B4A95E2A19F4BE9F001282DF</string>
				<string>B4A95E2B19F4BE9F001282DF</string>
				<string>B4A95E2C19F4BE9F001282DF</string>
				<string>B4A95E2D19F4BE9F001282DF</string>
			</array>
			<key>isa</key>
			<string>PBXGroup</string>
			<key>path</key>
			<string>TableViewSectionModel</string>
			<key>sourceTree</key>
			<string>&lt;group&gt;</string>
		</dict>
		<key>B4A95E2519F4BE9F001282DF</key>
		<dict>
			<key>fileEncoding</key>
			<string>4</string>
			<key>isa</key>
			<string>PBXFileReference</string>
			<key>lastKnownFileType</key>
			<string>sourcecode.c.h</string>
			<key>path</key>
			<string>KHBasicSectionModel.h</string>
			<key>sourceTree</key>
			<string>&lt;group&gt;</string>
		</dict>
		<key>B4A95E2619F4BE9F001282DF</key>
		<dict>
			<key>fileEncoding</key>
			<string>4</string>
			<key>isa</key>
			<string>PBXFileReference</string>
			<key>lastKnownFileType</key>
			<string>sourcecode.c.objc</string>
			<key>path</key>
			<string>KHBasicSectionModel.m</string>
			<key>sourceTree</key>
			<string>&lt;group&gt;</string>
		</dict>
		<key>B4A95E2719F4BE9F001282DF</key>
		<dict>
			<key>fileEncoding</key>
			<string>4</string>
			<key>isa</key>
			<string>PBXFileReference</string>
			<key>lastKnownFileType</key>
			<string>sourcecode.c.h</string>
			<key>path</key>
			<string>KHErrorLoadingMoreSectionModel.h</string>
			<key>sourceTree</key>
			<string>&lt;group&gt;</string>
		</dict>
		<key>B4A95E2819F4BE9F001282DF</key>
		<dict>
			<key>fileEncoding</key>
			<string>4</string>
			<key>isa</key>
			<string>PBXFileReference</string>
			<key>lastKnownFileType</key>
			<string>sourcecode.c.objc</string>
			<key>path</key>
			<string>KHErrorLoadingMoreSectionModel.m</string>
			<key>sourceTree</key>
			<string>&lt;group&gt;</string>
		</dict>
		<key>B4A95E2919F4BE9F001282DF</key>
		<dict>
			<key>fileEncoding</key>
			<string>4</string>
			<key>isa</key>
			<string>PBXFileReference</string>
			<key>lastKnownFileType</key>
			<string>sourcecode.c.h</string>
			<key>path</key>
			<string>KHImageSectionModel.h</string>
			<key>sourceTree</key>
			<string>&lt;group&gt;</string>
		</dict>
		<key>B4A95E2A19F4BE9F001282DF</key>
		<dict>
			<key>fileEncoding</key>
			<string>4</string>
			<key>isa</key>
			<string>PBXFileReference</string>
			<key>lastKnownFileType</key>
			<string>sourcecode.c.objc</string>
			<key>path</key>
			<string>KHImageSectionModel.m</string>
			<key>sourceTree</key>
			<string>&lt;group&gt;</string>
		</dict>
		<key>B4A95E2B19F4BE9F001282DF</key>
		<dict>
			<key>fileEncoding</key>
			<string>4</string>
			<key>isa</key>
			<string>PBXFileReference</string>
			<key>lastKnownFileType</key>
			<string>sourcecode.c.h</string>
			<key>path</key>
			<string>KHLoadMoreSection.h</string>
			<key>sourceTree</key>
			<string>&lt;group&gt;</string>
		</dict>
		<key>B4A95E2C19F4BE9F001282DF</key>
		<dict>
			<key>fileEncoding</key>
			<string>4</string>
			<key>isa</key>
			<string>PBXFileReference</string>
			<key>lastKnownFileType</key>
			<string>sourcecode.c.objc</string>
			<key>path</key>
			<string>KHLoadMoreSection.m</string>
			<key>sourceTree</key>
			<string>&lt;group&gt;</string>
		</dict>
		<key>B4A95E2D19F4BE9F001282DF</key>
		<dict>
			<key>fileEncoding</key>
			<string>4</string>
			<key>isa</key>
			<string>PBXFileReference</string>
			<key>lastKnownFileType</key>
			<string>sourcecode.c.h</string>
			<key>path</key>
			<string>KHTableViewSectionModel.h</string>
			<key>sourceTree</key>
			<string>&lt;group&gt;</string>
		</dict>
		<key>B4A95E2E19F4BE9F001282DF</key>
		<dict>
			<key>children</key>
			<array>
				<string>B4A95E2F19F4BE9F001282DF</string>
				<string>B4A95E3019F4BE9F001282DF</string>
				<string>B4A95E3119F4BE9F001282DF</string>
				<string>B4A95E3219F4BE9F001282DF</string>
				<string>B4A95E3319F4BE9F001282DF</string>
				<string>B4A95E3419F4BE9F001282DF</string>
				<string>B4A95E3519F4BE9F001282DF</string>
				<string>B4A95E3619F4BE9F001282DF</string>
				<string>B4A95E3719F4BE9F001282DF</string>
				<string>B4A95E3819F4BE9F001282DF</string>
				<string>B4A95E3919F4BE9F001282DF</string>
				<string>B4A95E3A19F4BE9F001282DF</string>
				<string>B4A95E3B19F4BE9F001282DF</string>
			</array>
			<key>isa</key>
			<string>PBXGroup</string>
			<key>path</key>
			<string>ViewModels</string>
			<key>sourceTree</key>
			<string>&lt;group&gt;</string>
		</dict>
		<key>B4A95E2F19F4BE9F001282DF</key>
		<dict>
			<key>fileEncoding</key>
			<string>4</string>
			<key>isa</key>
			<string>PBXFileReference</string>
			<key>lastKnownFileType</key>
			<string>sourcecode.c.h</string>
			<key>path</key>
			<string>KHContentLoadingProtocol.h</string>
			<key>sourceTree</key>
			<string>&lt;group&gt;</string>
		</dict>
		<key>B4A95E3019F4BE9F001282DF</key>
		<dict>
			<key>fileEncoding</key>
			<string>4</string>
			<key>isa</key>
			<string>PBXFileReference</string>
			<key>lastKnownFileType</key>
			<string>sourcecode.c.h</string>
			<key>path</key>
			<string>KHDataLoadingOperation.h</string>
			<key>sourceTree</key>
			<string>&lt;group&gt;</string>
		</dict>
		<key>B4A95E3119F4BE9F001282DF</key>
		<dict>
			<key>fileEncoding</key>
			<string>4</string>
			<key>isa</key>
			<string>PBXFileReference</string>
			<key>lastKnownFileType</key>
			<string>sourcecode.c.objc</string>
			<key>path</key>
			<string>KHDataLoadingOperation.m</string>
			<key>sourceTree</key>
			<string>&lt;group&gt;</string>
		</dict>
		<key>B4A95E3219F4BE9F001282DF</key>
		<dict>
			<key>fileEncoding</key>
			<string>4</string>
			<key>isa</key>
			<string>PBXFileReference</string>
			<key>lastKnownFileType</key>
			<string>sourcecode.c.h</string>
			<key>path</key>
			<string>KHFluentDataProvider.h</string>
			<key>sourceTree</key>
			<string>&lt;group&gt;</string>
		</dict>
		<key>B4A95E3319F4BE9F001282DF</key>
		<dict>
			<key>fileEncoding</key>
			<string>4</string>
			<key>isa</key>
			<string>PBXFileReference</string>
			<key>lastKnownFileType</key>
			<string>sourcecode.c.objc</string>
			<key>path</key>
			<string>KHFluentDataProvider.m</string>
			<key>sourceTree</key>
			<string>&lt;group&gt;</string>
		</dict>
		<key>B4A95E3419F4BE9F001282DF</key>
		<dict>
			<key>fileEncoding</key>
			<string>4</string>
			<key>isa</key>
			<string>PBXFileReference</string>
			<key>lastKnownFileType</key>
			<string>sourcecode.c.h</string>
			<key>path</key>
			<string>KHHandleContentLoadingProtocol.h</string>
			<key>sourceTree</key>
			<string>&lt;group&gt;</string>
		</dict>
		<key>B4A95E3519F4BE9F001282DF</key>
		<dict>
			<key>fileEncoding</key>
			<string>4</string>
			<key>isa</key>
			<string>PBXFileReference</string>
			<key>lastKnownFileType</key>
			<string>sourcecode.c.h</string>
			<key>path</key>
			<string>KHLoadingContentErrorViewModel.h</string>
			<key>sourceTree</key>
			<string>&lt;group&gt;</string>
		</dict>
		<key>B4A95E3619F4BE9F001282DF</key>
		<dict>
			<key>fileEncoding</key>
			<string>4</string>
			<key>isa</key>
			<string>PBXFileReference</string>
			<key>lastKnownFileType</key>
			<string>sourcecode.c.objc</string>
			<key>path</key>
			<string>KHLoadingContentErrorViewModel.m</string>
			<key>sourceTree</key>
			<string>&lt;group&gt;</string>
		</dict>
		<key>B4A95E3719F4BE9F001282DF</key>
		<dict>
			<key>fileEncoding</key>
			<string>4</string>
			<key>isa</key>
			<string>PBXFileReference</string>
			<key>lastKnownFileType</key>
			<string>sourcecode.c.h</string>
			<key>path</key>
			<string>KHLoadingOperationProtocol.h</string>
			<key>sourceTree</key>
			<string>&lt;group&gt;</string>
		</dict>
		<key>B4A95E3819F4BE9F001282DF</key>
		<dict>
			<key>fileEncoding</key>
			<string>4</string>
			<key>isa</key>
			<string>PBXFileReference</string>
			<key>lastKnownFileType</key>
			<string>sourcecode.c.h</string>
			<key>path</key>
			<string>KHOrderedDataProvider.h</string>
			<key>sourceTree</key>
			<string>&lt;group&gt;</string>
		</dict>
		<key>B4A95E3919F4BE9F001282DF</key>
		<dict>
			<key>fileEncoding</key>
			<string>4</string>
			<key>isa</key>
			<string>PBXFileReference</string>
			<key>lastKnownFileType</key>
			<string>sourcecode.c.objc</string>
			<key>path</key>
			<string>KHOrderedDataProvider.m</string>
			<key>sourceTree</key>
			<string>&lt;group&gt;</string>
		</dict>
		<key>B4A95E3A19F4BE9F001282DF</key>
		<dict>
			<key>fileEncoding</key>
			<string>4</string>
			<key>isa</key>
			<string>PBXFileReference</string>
			<key>lastKnownFileType</key>
			<string>sourcecode.c.h</string>
			<key>path</key>
			<string>KHPopularImagesViewModel.h</string>
			<key>sourceTree</key>
			<string>&lt;group&gt;</string>
		</dict>
		<key>B4A95E3B19F4BE9F001282DF</key>
		<dict>
			<key>fileEncoding</key>
			<string>4</string>
			<key>isa</key>
			<string>PBXFileReference</string>
			<key>lastKnownFileType</key>
			<string>sourcecode.c.objc</string>
			<key>path</key>
			<string>KHPopularImagesViewModel.m</string>
			<key>sourceTree</key>
			<string>&lt;group&gt;</string>
		</dict>
		<key>B4A95E3C19F4BE9F001282DF</key>
		<dict>
			<key>fileRef</key>
			<string>B4A95E0A19F4BE9F001282DF</string>
			<key>isa</key>
			<string>PBXBuildFile</string>
		</dict>
		<key>B4A95E3D19F4BE9F001282DF</key>
		<dict>
			<key>fileRef</key>
			<string>B4A95E0D19F4BE9F001282DF</string>
			<key>isa</key>
			<string>PBXBuildFile</string>
		</dict>
		<key>B4A95E3E19F4BE9F001282DF</key>
		<dict>
			<key>fileRef</key>
			<string>B4A95E0E19F4BE9F001282DF</string>
			<key>isa</key>
			<string>PBXBuildFile</string>
		</dict>
		<key>B4A95E3F19F4BE9F001282DF</key>
		<dict>
			<key>fileRef</key>
			<string>B4A95E1019F4BE9F001282DF</string>
			<key>isa</key>
			<string>PBXBuildFile</string>
		</dict>
		<key>B4A95E4019F4BE9F001282DF</key>
		<dict>
			<key>fileRef</key>
			<string>B4A95E1119F4BE9F001282DF</string>
			<key>isa</key>
			<string>PBXBuildFile</string>
		</dict>
		<key>B4A95E4119F4BE9F001282DF</key>
		<dict>
			<key>fileRef</key>
			<string>B4A95E1319F4BE9F001282DF</string>
			<key>isa</key>
			<string>PBXBuildFile</string>
		</dict>
		<key>B4A95E4219F4BE9F001282DF</key>
		<dict>
			<key>fileRef</key>
			<string>B4A95E1419F4BE9F001282DF</string>
			<key>isa</key>
			<string>PBXBuildFile</string>
		</dict>
		<key>B4A95E4319F4BE9F001282DF</key>
		<dict>
			<key>fileRef</key>
			<string>B4A95E1819F4BE9F001282DF</string>
			<key>isa</key>
			<string>PBXBuildFile</string>
		</dict>
		<key>B4A95E4419F4BE9F001282DF</key>
		<dict>
			<key>fileRef</key>
			<string>B4A95E1E19F4BE9F001282DF</string>
			<key>isa</key>
			<string>PBXBuildFile</string>
		</dict>
		<key>B4A95E4619F4BE9F001282DF</key>
		<dict>
			<key>fileRef</key>
			<string>B4A95E2619F4BE9F001282DF</string>
			<key>isa</key>
			<string>PBXBuildFile</string>
		</dict>
		<key>B4A95E4719F4BE9F001282DF</key>
		<dict>
			<key>fileRef</key>
			<string>B4A95E2819F4BE9F001282DF</string>
			<key>isa</key>
			<string>PBXBuildFile</string>
		</dict>
		<key>B4A95E4819F4BE9F001282DF</key>
		<dict>
			<key>fileRef</key>
			<string>B4A95E2A19F4BE9F001282DF</string>
			<key>isa</key>
			<string>PBXBuildFile</string>
		</dict>
		<key>B4A95E4919F4BE9F001282DF</key>
		<dict>
			<key>fileRef</key>
			<string>B4A95E2C19F4BE9F001282DF</string>
			<key>isa</key>
			<string>PBXBuildFile</string>
		</dict>
		<key>B4A95E4A19F4BE9F001282DF</key>
		<dict>
			<key>fileRef</key>
			<string>B4A95E3119F4BE9F001282DF</string>
			<key>isa</key>
			<string>PBXBuildFile</string>
		</dict>
		<key>B4A95E4B19F4BE9F001282DF</key>
		<dict>
			<key>fileRef</key>
			<string>B4A95E3319F4BE9F001282DF</string>
			<key>isa</key>
			<string>PBXBuildFile</string>
		</dict>
		<key>B4A95E4C19F4BE9F001282DF</key>
		<dict>
			<key>fileRef</key>
			<string>B4A95E3619F4BE9F001282DF</string>
			<key>isa</key>
			<string>PBXBuildFile</string>
		</dict>
		<key>B4A95E4D19F4BE9F001282DF</key>
		<dict>
			<key>fileRef</key>
			<string>B4A95E3919F4BE9F001282DF</string>
			<key>isa</key>
			<string>PBXBuildFile</string>
		</dict>
		<key>B4A95E4E19F4BE9F001282DF</key>
		<dict>
			<key>fileRef</key>
			<string>B4A95E3B19F4BE9F001282DF</string>
			<key>isa</key>
			<string>PBXBuildFile</string>
		</dict>
		<key>B4A95E5119F4BF02001282DF</key>
		<dict>
			<key>fileEncoding</key>
			<string>4</string>
			<key>isa</key>
			<string>PBXFileReference</string>
			<key>lastKnownFileType</key>
			<string>sourcecode.c.h</string>
			<key>path</key>
			<string>KHLoadingFreshTodayOperation.h</string>
			<key>sourceTree</key>
			<string>&lt;group&gt;</string>
		</dict>
		<key>B4A95E5219F4BF02001282DF</key>
		<dict>
			<key>fileEncoding</key>
			<string>4</string>
			<key>isa</key>
			<string>PBXFileReference</string>
			<key>lastKnownFileType</key>
			<string>sourcecode.c.objc</string>
			<key>path</key>
			<string>KHLoadingFreshTodayOperation.m</string>
			<key>sourceTree</key>
			<string>&lt;group&gt;</string>
		</dict>
		<key>B4A95E5419F4BF02001282DF</key>
		<dict>
			<key>fileRef</key>
			<string>B4A95E5219F4BF02001282DF</string>
			<key>isa</key>
			<string>PBXBuildFile</string>
		</dict>
		<key>B4A95E5519F4BF57001282DF</key>
		<dict>
			<key>fileEncoding</key>
			<string>4</string>
			<key>isa</key>
			<string>PBXFileReference</string>
			<key>lastKnownFileType</key>
			<string>sourcecode.c.h</string>
			<key>path</key>
			<string>KHLoadingPopularOperation.h</string>
			<key>sourceTree</key>
			<string>&lt;group&gt;</string>
		</dict>
		<key>B4A95E5619F4BF57001282DF</key>
		<dict>
			<key>fileEncoding</key>
			<string>4</string>
			<key>isa</key>
			<string>PBXFileReference</string>
			<key>lastKnownFileType</key>
			<string>sourcecode.c.objc</string>
			<key>path</key>
			<string>KHLoadingPopularOperation.m</string>
			<key>sourceTree</key>
			<string>&lt;group&gt;</string>
		</dict>
		<key>B4A95E5719F4BF57001282DF</key>
		<dict>
			<key>fileRef</key>
			<string>B4A95E5619F4BF57001282DF</string>
			<key>isa</key>
			<string>PBXBuildFile</string>
		</dict>
		<key>B4A95E5819F4C07E001282DF</key>
		<dict>
			<key>fileEncoding</key>
			<string>4</string>
			<key>isa</key>
			<string>PBXFileReference</string>
			<key>lastKnownFileType</key>
			<string>sourcecode.c.h</string>
			<key>path</key>
			<string>KHContentLoadingFreshTodayViewModel.h</string>
			<key>sourceTree</key>
			<string>&lt;group&gt;</string>
		</dict>
		<key>B4A95E5919F4C07E001282DF</key>
		<dict>
			<key>fileEncoding</key>
			<string>4</string>
			<key>isa</key>
			<string>PBXFileReference</string>
			<key>lastKnownFileType</key>
			<string>sourcecode.c.objc</string>
			<key>path</key>
			<string>KHContentLoadingFreshTodayViewModel.m</string>
			<key>sourceTree</key>
			<string>&lt;group&gt;</string>
		</dict>
		<key>B4A95E5A19F4C07E001282DF</key>
		<dict>
			<key>fileRef</key>
			<string>B4A95E5919F4C07E001282DF</string>
			<key>isa</key>
			<string>PBXBuildFile</string>
		</dict>
		<key>B4A95E5B19F4C09C001282DF</key>
		<dict>
			<key>fileEncoding</key>
			<string>4</string>
			<key>isa</key>
			<string>PBXFileReference</string>
			<key>lastKnownFileType</key>
			<string>sourcecode.c.h</string>
			<key>path</key>
			<string>KHFreshTodayCellFactory.h</string>
			<key>sourceTree</key>
			<string>&lt;group&gt;</string>
		</dict>
		<key>B4A95E5C19F4C09C001282DF</key>
		<dict>
			<key>fileEncoding</key>
			<string>4</string>
			<key>isa</key>
			<string>PBXFileReference</string>
			<key>lastKnownFileType</key>
			<string>sourcecode.c.objc</string>
			<key>path</key>
			<string>KHFreshTodayCellFactory.m</string>
			<key>sourceTree</key>
			<string>&lt;group&gt;</string>
		</dict>
		<key>B4A95E5D19F4C09C001282DF</key>
		<dict>
			<key>fileRef</key>
			<string>B4A95E5C19F4C09C001282DF</string>
			<key>isa</key>
			<string>PBXBuildFile</string>
		</dict>
		<key>B4A95E5E19F4C0AC001282DF</key>
		<dict>
			<key>fileEncoding</key>
			<string>4</string>
			<key>isa</key>
			<string>PBXFileReference</string>
			<key>lastKnownFileType</key>
			<string>sourcecode.c.h</string>
			<key>path</key>
			<string>CellFactory1.h</string>
			<key>sourceTree</key>
			<string>&lt;group&gt;</string>
		</dict>
		<key>B4A95E5F19F4C0AC001282DF</key>
		<dict>
			<key>fileEncoding</key>
			<string>4</string>
			<key>isa</key>
			<string>PBXFileReference</string>
			<key>lastKnownFileType</key>
			<string>sourcecode.c.objc</string>
			<key>path</key>
			<string>CellFactory1.m</string>
			<key>sourceTree</key>
			<string>&lt;group&gt;</string>
		</dict>
		<key>B4A95E6019F4C0AC001282DF</key>
		<dict>
			<key>fileRef</key>
			<string>B4A95E5F19F4C0AC001282DF</string>
			<key>isa</key>
			<string>PBXBuildFile</string>
		</dict>
		<key>B4A95E6119F4C151001282DF</key>
		<dict>
			<key>fileEncoding</key>
			<string>4</string>
			<key>isa</key>
			<string>PBXFileReference</string>
			<key>lastKnownFileType</key>
			<string>sourcecode.c.h</string>
			<key>path</key>
			<string>ContentLoadingPopularViewModel.h</string>
			<key>sourceTree</key>
			<string>&lt;group&gt;</string>
		</dict>
		<key>B4A95E6219F4C151001282DF</key>
		<dict>
			<key>fileEncoding</key>
			<string>4</string>
			<key>isa</key>
			<string>PBXFileReference</string>
			<key>lastKnownFileType</key>
			<string>sourcecode.c.objc</string>
			<key>path</key>
			<string>ContentLoadingPopularViewModel.m</string>
			<key>sourceTree</key>
			<string>&lt;group&gt;</string>
		</dict>
		<key>B4A95E6319F4C151001282DF</key>
		<dict>
			<key>fileRef</key>
			<string>B4A95E6219F4C151001282DF</string>
			<key>isa</key>
			<string>PBXBuildFile</string>
		</dict>
		<key>B4A95E6419F4C1BA001282DF</key>
		<dict>
			<key>children</key>
			<array>
				<string>B4A95E6519F4C1BA001282DF</string>
				<string>B4A95E6619F4C1BA001282DF</string>
				<string>B4A95E6719F4C1BA001282DF</string>
				<string>B483D1C319FC019B003EAFE6</string>
				<string>B483D1C419FC019B003EAFE6</string>
				<string>B483D1C519FC019B003EAFE6</string>
			</array>
			<key>isa</key>
			<string>PBXGroup</string>
			<key>path</key>
			<string>ImageCell</string>
			<key>sourceTree</key>
			<string>&lt;group&gt;</string>
		</dict>
		<key>B4A95E6519F4C1BA001282DF</key>
		<dict>
			<key>fileEncoding</key>
			<string>4</string>
			<key>isa</key>
			<string>PBXFileReference</string>
			<key>lastKnownFileType</key>
			<string>sourcecode.c.h</string>
			<key>path</key>
			<string>KHImageTableViewCell.h</string>
			<key>sourceTree</key>
			<string>&lt;group&gt;</string>
		</dict>
		<key>B4A95E6619F4C1BA001282DF</key>
		<dict>
			<key>fileEncoding</key>
			<string>4</string>
			<key>isa</key>
			<string>PBXFileReference</string>
			<key>lastKnownFileType</key>
			<string>sourcecode.c.objc</string>
			<key>path</key>
			<string>KHImageTableViewCell.m</string>
			<key>sourceTree</key>
			<string>&lt;group&gt;</string>
		</dict>
		<key>B4A95E6719F4C1BA001282DF</key>
		<dict>
			<key>fileEncoding</key>
			<string>4</string>
			<key>isa</key>
			<string>PBXFileReference</string>
			<key>lastKnownFileType</key>
			<string>file.xib</string>
			<key>path</key>
			<string>KHImageTableViewCell.xib</string>
			<key>sourceTree</key>
			<string>&lt;group&gt;</string>
		</dict>
		<key>B4A95E6819F4C1BA001282DF</key>
		<dict>
			<key>fileRef</key>
			<string>B4A95E6619F4C1BA001282DF</string>
			<key>isa</key>
			<string>PBXBuildFile</string>
		</dict>
		<key>B4A95E6919F4C1BA001282DF</key>
		<dict>
			<key>fileRef</key>
			<string>B4A95E6719F4C1BA001282DF</string>
			<key>isa</key>
			<string>PBXBuildFile</string>
		</dict>
		<key>B4A95E6A19F4CE55001282DF</key>
		<dict>
			<key>fileEncoding</key>
			<string>4</string>
			<key>isa</key>
			<string>PBXFileReference</string>
			<key>lastKnownFileType</key>
			<string>sourcecode.c.h</string>
			<key>path</key>
			<string>KHContentLoadingCellFactory.h</string>
			<key>sourceTree</key>
			<string>&lt;group&gt;</string>
		</dict>
		<key>B4A95E6B19F4CE55001282DF</key>
		<dict>
			<key>fileEncoding</key>
			<string>4</string>
			<key>isa</key>
			<string>PBXFileReference</string>
			<key>lastKnownFileType</key>
			<string>sourcecode.c.objc</string>
			<key>path</key>
			<string>KHContentLoadingCellFactory.m</string>
			<key>sourceTree</key>
			<string>&lt;group&gt;</string>
		</dict>
		<key>B4A95E6C19F4CE55001282DF</key>
		<dict>
			<key>fileRef</key>
			<string>B4A95E6B19F4CE55001282DF</string>
			<key>isa</key>
			<string>PBXBuildFile</string>
		</dict>
		<key>B4A95E6D19F4CE9A001282DF</key>
		<dict>
			<key>fileEncoding</key>
			<string>4</string>
			<key>isa</key>
			<string>PBXFileReference</string>
			<key>lastKnownFileType</key>
			<string>sourcecode.c.h</string>
			<key>path</key>
			<string>KHContentLoadingErrorCellFactory.h</string>
			<key>sourceTree</key>
			<string>&lt;group&gt;</string>
		</dict>
		<key>B4A95E6E19F4CE9A001282DF</key>
		<dict>
			<key>fileEncoding</key>
			<string>4</string>
			<key>isa</key>
			<string>PBXFileReference</string>
			<key>lastKnownFileType</key>
			<string>sourcecode.c.objc</string>
			<key>path</key>
			<string>KHContentLoadingErrorCellFactory.m</string>
			<key>sourceTree</key>
			<string>&lt;group&gt;</string>
		</dict>
		<key>B4A95E6F19F4CE9A001282DF</key>
		<dict>
			<key>fileRef</key>
			<string>B4A95E6E19F4CE9A001282DF</string>
			<key>isa</key>
			<string>PBXBuildFile</string>
		</dict>
		<key>DB26024678D349BB0C84C24C</key>
		<dict>
			<key>explicitFileType</key>
			<string>archive.ar</string>
			<key>includeInIndex</key>
			<string>0</string>
			<key>isa</key>
			<string>PBXFileReference</string>
			<key>path</key>
			<string>libPods-KHTableViewController.a</string>
			<key>sourceTree</key>
			<string>BUILT_PRODUCTS_DIR</string>
		</dict>
	</dict>
	<key>rootObject</key>
	<string>B4A95D7E19F4BAFB001282DF</string>
</dict>
</plist>
