// !$*UTF8*$!
{
	archiveVersion = 1;
	classes = {
	};
	objectVersion = 46;
	objects = {

/* Begin PBXBuildFile section */
		724A47EA55B0BC7D71344F66 /* libPods-KHTableViewController.a in Frameworks */ = {isa = PBXBuildFile; fileRef = DB26024678D349BB0C84C24C /* libPods-KHTableViewController.a */; };
		B4208A3019FBBEA1004D348B /* KHCollectionContentLoadingCellFactory.m in Sources */ = {isa = PBXBuildFile; fileRef = B4208A2F19FBBEA1004D348B /* KHCollectionContentLoadingCellFactory.m */; };
		B43DB75819FC077500AD9BCF /* KHContentLoadingErrorCollectionViewCell.m in Sources */ = {isa = PBXBuildFile; fileRef = B43DB75619FC077500AD9BCF /* KHContentLoadingErrorCollectionViewCell.m */; };
		B43DB75919FC077500AD9BCF /* KHContentLoadingErrorCollectionViewCell.xib in Resources */ = {isa = PBXBuildFile; fileRef = B43DB75719FC077500AD9BCF /* KHContentLoadingErrorCollectionViewCell.xib */; };
		B43DB75C19FC130800AD9BCF /* KHCollectionController.m in Sources */ = {isa = PBXBuildFile; fileRef = B43DB75B19FC130800AD9BCF /* KHCollectionController.m */; };
		B445AF3219FE4F0A00693CD0 /* KHContentLoadingSectionViewModel.m in Sources */ = {isa = PBXBuildFile; fileRef = B445AF3119FE4F0A00693CD0 /* KHContentLoadingSectionViewModel.m */; };
		B483D1B819FBFAA6003EAFE6 /* KHContentLoadingCollectionCell.m in Sources */ = {isa = PBXBuildFile; fileRef = B483D1B719FBFAA6003EAFE6 /* KHContentLoadingCollectionCell.m */; };
		B483D1BA19FBFB98003EAFE6 /* KHContentLoadingCollectionCell.xib in Resources */ = {isa = PBXBuildFile; fileRef = B483D1B919FBFB98003EAFE6 /* KHContentLoadingCollectionCell.xib */; };
		B483D1C219FBFFC2003EAFE6 /* KHBasicFluentCollectionViewController.m in Sources */ = {isa = PBXBuildFile; fileRef = B483D1C119FBFFC2003EAFE6 /* KHBasicFluentCollectionViewController.m */; };
		B483D1C619FC019B003EAFE6 /* KHImageCollectionViewCell.m in Sources */ = {isa = PBXBuildFile; fileRef = B483D1C419FC019B003EAFE6 /* KHImageCollectionViewCell.m */; };
		B483D1C719FC019B003EAFE6 /* KHImageCollectionViewCell.xib in Resources */ = {isa = PBXBuildFile; fileRef = B483D1C519FC019B003EAFE6 /* KHImageCollectionViewCell.xib */; };
		B483D1CA19FC0447003EAFE6 /* KHPopularCollectionCellFactory.m in Sources */ = {isa = PBXBuildFile; fileRef = B483D1C919FC0447003EAFE6 /* KHPopularCollectionCellFactory.m */; };
		B48AF8A619FCF0260051AF5B /* FreshTodayCollection.storyboard in Resources */ = {isa = PBXBuildFile; fileRef = B48AF8A519FCF0260051AF5B /* FreshTodayCollection.storyboard */; };
		B48AF8A919FCF2A10051AF5B /* KHFreshTodayCollectionViewController.m in Sources */ = {isa = PBXBuildFile; fileRef = B48AF8A819FCF2A10051AF5B /* KHFreshTodayCollectionViewController.m */; };
		B48AF8AB19FCF9F40051AF5B /* KHBasicOrderedCollectionViewController.m in Sources */ = {isa = PBXBuildFile; fileRef = B48AF8AA19FCF9F40051AF5B /* KHBasicOrderedCollectionViewController.m */; };
		B48E7E0619F51170001AE856 /* KHBasicOrderedTableViewController.m in Sources */ = {isa = PBXBuildFile; fileRef = B48E7E0519F51170001AE856 /* KHBasicOrderedTableViewController.m */; };
		B4A95D8C19F4BAFB001282DF /* main.m in Sources */ = {isa = PBXBuildFile; fileRef = B4A95D8B19F4BAFB001282DF /* main.m */; };
		B4A95D8F19F4BAFB001282DF /* AppDelegate.m in Sources */ = {isa = PBXBuildFile; fileRef = B4A95D8E19F4BAFB001282DF /* AppDelegate.m */; };
		B4A95D9719F4BAFB001282DF /* Images.xcassets in Resources */ = {isa = PBXBuildFile; fileRef = B4A95D9619F4BAFB001282DF /* Images.xcassets */; };
		B4A95D9A19F4BAFB001282DF /* LaunchScreen.xib in Resources */ = {isa = PBXBuildFile; fileRef = B4A95D9819F4BAFB001282DF /* LaunchScreen.xib */; };
		B4A95DA619F4BAFB001282DF /* KHTableViewControllerTests.m in Sources */ = {isa = PBXBuildFile; fileRef = B4A95DA519F4BAFB001282DF /* KHTableViewControllerTests.m */; };
		B4A95DF919F4BBFC001282DF /* Main.storyboard in Resources */ = {isa = PBXBuildFile; fileRef = B4A95DF819F4BBFC001282DF /* Main.storyboard */; };
		B4A95DFC19F4BC0A001282DF /* Popular.storyboard in Resources */ = {isa = PBXBuildFile; fileRef = B4A95DFA19F4BC0A001282DF /* Popular.storyboard */; };
		B4A95DFD19F4BC0A001282DF /* FreshToday.storyboard in Resources */ = {isa = PBXBuildFile; fileRef = B4A95DFB19F4BC0A001282DF /* FreshToday.storyboard */; };
		B4A95E0419F4BC62001282DF /* KHFreshTodayImagesViewController.m in Sources */ = {isa = PBXBuildFile; fileRef = B4A95DFE19F4BC62001282DF /* KHFreshTodayImagesViewController.m */; };
		B4A95E0519F4BC62001282DF /* KHMainViewController.m in Sources */ = {isa = PBXBuildFile; fileRef = B4A95DFF19F4BC62001282DF /* KHMainViewController.m */; };
		B4A95E0619F4BC62001282DF /* ViewController.m in Sources */ = {isa = PBXBuildFile; fileRef = B4A95E0019F4BC62001282DF /* ViewController.m */; };
		B4A95E3C19F4BE9F001282DF /* KHBasicFluentTableViewController.m in Sources */ = {isa = PBXBuildFile; fileRef = B4A95E0A19F4BE9F001282DF /* KHBasicFluentTableViewController.m */; };
		B4A95E3D19F4BE9F001282DF /* KHLoadingContentErrorTableViewCell.m in Sources */ = {isa = PBXBuildFile; fileRef = B4A95E0D19F4BE9F001282DF /* KHLoadingContentErrorTableViewCell.m */; };
		B4A95E3E19F4BE9F001282DF /* KHLoadingContentErrorTableViewCell.xib in Resources */ = {isa = PBXBuildFile; fileRef = B4A95E0E19F4BE9F001282DF /* KHLoadingContentErrorTableViewCell.xib */; };
		B4A95E3F19F4BE9F001282DF /* KHLoadingContentTableViewCell.m in Sources */ = {isa = PBXBuildFile; fileRef = B4A95E1019F4BE9F001282DF /* KHLoadingContentTableViewCell.m */; };
		B4A95E4019F4BE9F001282DF /* KHLoadingContentTableViewCell.xib in Resources */ = {isa = PBXBuildFile; fileRef = B4A95E1119F4BE9F001282DF /* KHLoadingContentTableViewCell.xib */; };
		B4A95E4119F4BE9F001282DF /* KHLoadMoreTableViewCell.m in Sources */ = {isa = PBXBuildFile; fileRef = B4A95E1319F4BE9F001282DF /* KHLoadMoreTableViewCell.m */; };
		B4A95E4219F4BE9F001282DF /* KHLoadMoreTableViewCell.xib in Resources */ = {isa = PBXBuildFile; fileRef = B4A95E1419F4BE9F001282DF /* KHLoadMoreTableViewCell.xib */; };
		B4A95E4319F4BE9F001282DF /* KHTableController.m in Sources */ = {isa = PBXBuildFile; fileRef = B4A95E1819F4BE9F001282DF /* KHTableController.m */; };
		B4A95E4419F4BE9F001282DF /* KHBasicTableViewModel.m in Sources */ = {isa = PBXBuildFile; fileRef = B4A95E1E19F4BE9F001282DF /* KHBasicTableViewModel.m */; };
		B4A95E4619F4BE9F001282DF /* KHBasicSectionModel.m in Sources */ = {isa = PBXBuildFile; fileRef = B4A95E2619F4BE9F001282DF /* KHBasicSectionModel.m */; };
		B4A95E4719F4BE9F001282DF /* KHErrorLoadingMoreSectionModel.m in Sources */ = {isa = PBXBuildFile; fileRef = B4A95E2819F4BE9F001282DF /* KHErrorLoadingMoreSectionModel.m */; };
		B4A95E4819F4BE9F001282DF /* KHImageSectionModel.m in Sources */ = {isa = PBXBuildFile; fileRef = B4A95E2A19F4BE9F001282DF /* KHImageSectionModel.m */; };
		B4A95E4919F4BE9F001282DF /* KHLoadMoreSection.m in Sources */ = {isa = PBXBuildFile; fileRef = B4A95E2C19F4BE9F001282DF /* KHLoadMoreSection.m */; };
		B4A95E4A19F4BE9F001282DF /* KHDataLoadingOperation.m in Sources */ = {isa = PBXBuildFile; fileRef = B4A95E3119F4BE9F001282DF /* KHDataLoadingOperation.m */; };
		B4A95E4B19F4BE9F001282DF /* KHFluentDataProvider.m in Sources */ = {isa = PBXBuildFile; fileRef = B4A95E3319F4BE9F001282DF /* KHFluentDataProvider.m */; };
		B4A95E4C19F4BE9F001282DF /* KHLoadingContentErrorViewModel.m in Sources */ = {isa = PBXBuildFile; fileRef = B4A95E3619F4BE9F001282DF /* KHLoadingContentErrorViewModel.m */; };
		B4A95E4D19F4BE9F001282DF /* KHOrderedDataProvider.m in Sources */ = {isa = PBXBuildFile; fileRef = B4A95E3919F4BE9F001282DF /* KHOrderedDataProvider.m */; };
		B4A95E4E19F4BE9F001282DF /* KHPopularImagesViewModel.m in Sources */ = {isa = PBXBuildFile; fileRef = B4A95E3B19F4BE9F001282DF /* KHPopularImagesViewModel.m */; };
		B4A95E5419F4BF02001282DF /* KHLoadingFreshTodayOperation.m in Sources */ = {isa = PBXBuildFile; fileRef = B4A95E5219F4BF02001282DF /* KHLoadingFreshTodayOperation.m */; };
		B4A95E5719F4BF57001282DF /* KHLoadingPopularOperation.m in Sources */ = {isa = PBXBuildFile; fileRef = B4A95E5619F4BF57001282DF /* KHLoadingPopularOperation.m */; };
		B4A95E5A19F4C07E001282DF /* KHContentLoadingFreshTodayViewModel.m in Sources */ = {isa = PBXBuildFile; fileRef = B4A95E5919F4C07E001282DF /* KHContentLoadingFreshTodayViewModel.m */; };
		B4A95E5D19F4C09C001282DF /* KHFreshTodayCellFactory.m in Sources */ = {isa = PBXBuildFile; fileRef = B4A95E5C19F4C09C001282DF /* KHFreshTodayCellFactory.m */; };
		B4A95E6019F4C0AC001282DF /* CellFactory1.m in Sources */ = {isa = PBXBuildFile; fileRef = B4A95E5F19F4C0AC001282DF /* CellFactory1.m */; };
		B4A95E6319F4C151001282DF /* ContentLoadingPopularViewModel.m in Sources */ = {isa = PBXBuildFile; fileRef = B4A95E6219F4C151001282DF /* ContentLoadingPopularViewModel.m */; };
		B4A95E6819F4C1BA001282DF /* KHImageTableViewCell.m in Sources */ = {isa = PBXBuildFile; fileRef = B4A95E6619F4C1BA001282DF /* KHImageTableViewCell.m */; };
		B4A95E6919F4C1BA001282DF /* KHImageTableViewCell.xib in Resources */ = {isa = PBXBuildFile; fileRef = B4A95E6719F4C1BA001282DF /* KHImageTableViewCell.xib */; };
		B4A95E6C19F4CE55001282DF /* KHContentLoadingCellFactory.m in Sources */ = {isa = PBXBuildFile; fileRef = B4A95E6B19F4CE55001282DF /* KHContentLoadingCellFactory.m */; };
		B4A95E6F19F4CE9A001282DF /* KHContentLoadingErrorCellFactory.m in Sources */ = {isa = PBXBuildFile; fileRef = B4A95E6E19F4CE9A001282DF /* KHContentLoadingErrorCellFactory.m */; };
/* End PBXBuildFile section */

/* Begin PBXContainerItemProxy section */
		B4A95DA019F4BAFB001282DF /* PBXContainerItemProxy */ = {
			isa = PBXContainerItemProxy;
			containerPortal = B4A95D7E19F4BAFB001282DF /* Project object */;
			proxyType = 1;
			remoteGlobalIDString = B4A95D8519F4BAFB001282DF;
			remoteInfo = KHTableViewController;
		};
/* End PBXContainerItemProxy section */

/* Begin PBXFileReference section */
		0CDE483670D7525A98D0AEC7 /* Pods-KHTableViewController.debug.xcconfig */ = {isa = PBXFileReference; includeInIndex = 1; lastKnownFileType = text.xcconfig; name = "Pods-KHTableViewController.debug.xcconfig"; path = "Pods/Target Support Files/Pods-KHTableViewController/Pods-KHTableViewController.debug.xcconfig"; sourceTree = "<group>"; };
		73FF677A0382F18ADCDF3E86 /* Pods-KHTableViewController.release.xcconfig */ = {isa = PBXFileReference; includeInIndex = 1; lastKnownFileType = text.xcconfig; name = "Pods-KHTableViewController.release.xcconfig"; path = "Pods/Target Support Files/Pods-KHTableViewController/Pods-KHTableViewController.release.xcconfig"; sourceTree = "<group>"; };
		B4198B0C19FCE8A2001F61A4 /* KHBasicOrderedCollectionViewController.h */ = {isa = PBXFileReference; fileEncoding = 4; lastKnownFileType = sourcecode.c.h; path = KHBasicOrderedCollectionViewController.h; sourceTree = "<group>"; };
		B4208A2D19FBBB17004D348B /* KHCollectionViewCellFactoryProtocol.h */ = {isa = PBXFileReference; fileEncoding = 4; lastKnownFileType = sourcecode.c.h; path = KHCollectionViewCellFactoryProtocol.h; sourceTree = "<group>"; };
		B4208A2E19FBBEA1004D348B /* KHCollectionContentLoadingCellFactory.h */ = {isa = PBXFileReference; fileEncoding = 4; lastKnownFileType = sourcecode.c.h; path = KHCollectionContentLoadingCellFactory.h; sourceTree = "<group>"; };
		B4208A2F19FBBEA1004D348B /* KHCollectionContentLoadingCellFactory.m */ = {isa = PBXFileReference; fileEncoding = 4; lastKnownFileType = sourcecode.c.objc; path = KHCollectionContentLoadingCellFactory.m; sourceTree = "<group>"; };
		B43DB75519FC077500AD9BCF /* KHContentLoadingErrorCollectionViewCell.h */ = {isa = PBXFileReference; fileEncoding = 4; lastKnownFileType = sourcecode.c.h; path = KHContentLoadingErrorCollectionViewCell.h; sourceTree = "<group>"; };
		B43DB75619FC077500AD9BCF /* KHContentLoadingErrorCollectionViewCell.m */ = {isa = PBXFileReference; fileEncoding = 4; lastKnownFileType = sourcecode.c.objc; path = KHContentLoadingErrorCollectionViewCell.m; sourceTree = "<group>"; };
		B43DB75719FC077500AD9BCF /* KHContentLoadingErrorCollectionViewCell.xib */ = {isa = PBXFileReference; fileEncoding = 4; lastKnownFileType = file.xib; path = KHContentLoadingErrorCollectionViewCell.xib; sourceTree = "<group>"; };
		B43DB75A19FC130800AD9BCF /* KHCollectionController.h */ = {isa = PBXFileReference; fileEncoding = 4; lastKnownFileType = sourcecode.c.h; path = KHCollectionController.h; sourceTree = "<group>"; };
		B43DB75B19FC130800AD9BCF /* KHCollectionController.m */ = {isa = PBXFileReference; fileEncoding = 4; lastKnownFileType = sourcecode.c.objc; path = KHCollectionController.m; sourceTree = "<group>"; };
		B445AF3019FE4F0A00693CD0 /* KHContentLoadingSectionViewModel.h */ = {isa = PBXFileReference; fileEncoding = 4; lastKnownFileType = sourcecode.c.h; path = KHContentLoadingSectionViewModel.h; sourceTree = "<group>"; };
		B445AF3119FE4F0A00693CD0 /* KHContentLoadingSectionViewModel.m */ = {isa = PBXFileReference; fileEncoding = 4; lastKnownFileType = sourcecode.c.objc; path = KHContentLoadingSectionViewModel.m; sourceTree = "<group>"; };
		B483D1B619FBFAA6003EAFE6 /* KHContentLoadingCollectionCell.h */ = {isa = PBXFileReference; fileEncoding = 4; lastKnownFileType = sourcecode.c.h; path = KHContentLoadingCollectionCell.h; sourceTree = "<group>"; };
		B483D1B719FBFAA6003EAFE6 /* KHContentLoadingCollectionCell.m */ = {isa = PBXFileReference; fileEncoding = 4; lastKnownFileType = sourcecode.c.objc; path = KHContentLoadingCollectionCell.m; sourceTree = "<group>"; };
		B483D1B919FBFB98003EAFE6 /* KHContentLoadingCollectionCell.xib */ = {isa = PBXFileReference; fileEncoding = 4; lastKnownFileType = file.xib; path = KHContentLoadingCollectionCell.xib; sourceTree = "<group>"; };
		B483D1C019FBFFC2003EAFE6 /* KHBasicFluentCollectionViewController.h */ = {isa = PBXFileReference; fileEncoding = 4; lastKnownFileType = sourcecode.c.h; path = KHBasicFluentCollectionViewController.h; sourceTree = "<group>"; };
		B483D1C119FBFFC2003EAFE6 /* KHBasicFluentCollectionViewController.m */ = {isa = PBXFileReference; fileEncoding = 4; lastKnownFileType = sourcecode.c.objc; path = KHBasicFluentCollectionViewController.m; sourceTree = "<group>"; };
		B483D1C319FC019B003EAFE6 /* KHImageCollectionViewCell.h */ = {isa = PBXFileReference; fileEncoding = 4; lastKnownFileType = sourcecode.c.h; path = KHImageCollectionViewCell.h; sourceTree = "<group>"; };
		B483D1C419FC019B003EAFE6 /* KHImageCollectionViewCell.m */ = {isa = PBXFileReference; fileEncoding = 4; lastKnownFileType = sourcecode.c.objc; path = KHImageCollectionViewCell.m; sourceTree = "<group>"; };
		B483D1C519FC019B003EAFE6 /* KHImageCollectionViewCell.xib */ = {isa = PBXFileReference; fileEncoding = 4; lastKnownFileType = file.xib; path = KHImageCollectionViewCell.xib; sourceTree = "<group>"; };
		B483D1C819FC0447003EAFE6 /* KHPopularCollectionCellFactory.h */ = {isa = PBXFileReference; fileEncoding = 4; lastKnownFileType = sourcecode.c.h; path = KHPopularCollectionCellFactory.h; sourceTree = "<group>"; };
		B483D1C919FC0447003EAFE6 /* KHPopularCollectionCellFactory.m */ = {isa = PBXFileReference; fileEncoding = 4; lastKnownFileType = sourcecode.c.objc; path = KHPopularCollectionCellFactory.m; sourceTree = "<group>"; };
		B48AF8A519FCF0260051AF5B /* FreshTodayCollection.storyboard */ = {isa = PBXFileReference; fileEncoding = 4; lastKnownFileType = file.storyboard; path = FreshTodayCollection.storyboard; sourceTree = "<group>"; };
		B48AF8A719FCF2A10051AF5B /* KHFreshTodayCollectionViewController.h */ = {isa = PBXFileReference; fileEncoding = 4; lastKnownFileType = sourcecode.c.h; path = KHFreshTodayCollectionViewController.h; sourceTree = "<group>"; };
		B48AF8A819FCF2A10051AF5B /* KHFreshTodayCollectionViewController.m */ = {isa = PBXFileReference; fileEncoding = 4; lastKnownFileType = sourcecode.c.objc; path = KHFreshTodayCollectionViewController.m; sourceTree = "<group>"; };
		B48AF8AA19FCF9F40051AF5B /* KHBasicOrderedCollectionViewController.m */ = {isa = PBXFileReference; fileEncoding = 4; lastKnownFileType = sourcecode.c.objc; path = KHBasicOrderedCollectionViewController.m; sourceTree = "<group>"; };
		B48E7E0419F51170001AE856 /* KHBasicOrderedTableViewController.h */ = {isa = PBXFileReference; fileEncoding = 4; lastKnownFileType = sourcecode.c.h; path = KHBasicOrderedTableViewController.h; sourceTree = "<group>"; };
		B48E7E0519F51170001AE856 /* KHBasicOrderedTableViewController.m */ = {isa = PBXFileReference; fileEncoding = 4; lastKnownFileType = sourcecode.c.objc; path = KHBasicOrderedTableViewController.m; sourceTree = "<group>"; };
		B4A95D8619F4BAFB001282DF /* KHTableViewController.app */ = {isa = PBXFileReference; explicitFileType = wrapper.application; includeInIndex = 0; path = KHTableViewController.app; sourceTree = BUILT_PRODUCTS_DIR; };
		B4A95D8A19F4BAFB001282DF /* Info.plist */ = {isa = PBXFileReference; lastKnownFileType = text.plist.xml; path = Info.plist; sourceTree = "<group>"; };
		B4A95D8B19F4BAFB001282DF /* main.m */ = {isa = PBXFileReference; lastKnownFileType = sourcecode.c.objc; path = main.m; sourceTree = "<group>"; };
		B4A95D8D19F4BAFB001282DF /* AppDelegate.h */ = {isa = PBXFileReference; lastKnownFileType = sourcecode.c.h; path = AppDelegate.h; sourceTree = "<group>"; };
		B4A95D8E19F4BAFB001282DF /* AppDelegate.m */ = {isa = PBXFileReference; lastKnownFileType = sourcecode.c.objc; path = AppDelegate.m; sourceTree = "<group>"; };
		B4A95D9619F4BAFB001282DF /* Images.xcassets */ = {isa = PBXFileReference; lastKnownFileType = folder.assetcatalog; path = Images.xcassets; sourceTree = "<group>"; };
		B4A95D9919F4BAFB001282DF /* Base */ = {isa = PBXFileReference; lastKnownFileType = file.xib; name = Base; path = Base.lproj/LaunchScreen.xib; sourceTree = "<group>"; };
		B4A95D9F19F4BAFB001282DF /* KHTableViewControllerTests.xctest */ = {isa = PBXFileReference; explicitFileType = wrapper.cfbundle; includeInIndex = 0; path = KHTableViewControllerTests.xctest; sourceTree = BUILT_PRODUCTS_DIR; };
		B4A95DA419F4BAFB001282DF /* Info.plist */ = {isa = PBXFileReference; lastKnownFileType = text.plist.xml; path = Info.plist; sourceTree = "<group>"; };
		B4A95DA519F4BAFB001282DF /* KHTableViewControllerTests.m */ = {isa = PBXFileReference; lastKnownFileType = sourcecode.c.objc; path = KHTableViewControllerTests.m; sourceTree = "<group>"; };
		B4A95DF819F4BBFC001282DF /* Main.storyboard */ = {isa = PBXFileReference; fileEncoding = 4; lastKnownFileType = file.storyboard; path = Main.storyboard; sourceTree = "<group>"; };
		B4A95DFA19F4BC0A001282DF /* Popular.storyboard */ = {isa = PBXFileReference; fileEncoding = 4; lastKnownFileType = file.storyboard; path = Popular.storyboard; sourceTree = "<group>"; };
		B4A95DFB19F4BC0A001282DF /* FreshToday.storyboard */ = {isa = PBXFileReference; fileEncoding = 4; lastKnownFileType = file.storyboard; path = FreshToday.storyboard; sourceTree = "<group>"; };
		B4A95DFE19F4BC62001282DF /* KHFreshTodayImagesViewController.m */ = {isa = PBXFileReference; fileEncoding = 4; lastKnownFileType = sourcecode.c.objc; path = KHFreshTodayImagesViewController.m; sourceTree = "<group>"; };
		B4A95DFF19F4BC62001282DF /* KHMainViewController.m */ = {isa = PBXFileReference; fileEncoding = 4; lastKnownFileType = sourcecode.c.objc; path = KHMainViewController.m; sourceTree = "<group>"; };
		B4A95E0019F4BC62001282DF /* ViewController.m */ = {isa = PBXFileReference; fileEncoding = 4; lastKnownFileType = sourcecode.c.objc; path = ViewController.m; sourceTree = "<group>"; };
		B4A95E0119F4BC62001282DF /* KHFreshTodayImagesViewController.h */ = {isa = PBXFileReference; fileEncoding = 4; lastKnownFileType = sourcecode.c.h; path = KHFreshTodayImagesViewController.h; sourceTree = "<group>"; };
		B4A95E0219F4BC62001282DF /* ViewController.h */ = {isa = PBXFileReference; fileEncoding = 4; lastKnownFileType = sourcecode.c.h; path = ViewController.h; sourceTree = "<group>"; };
		B4A95E0319F4BC62001282DF /* KHMainViewController.h */ = {isa = PBXFileReference; fileEncoding = 4; lastKnownFileType = sourcecode.c.h; path = KHMainViewController.h; sourceTree = "<group>"; };
		B4A95E0919F4BE9F001282DF /* KHBasicFluentTableViewController.h */ = {isa = PBXFileReference; fileEncoding = 4; lastKnownFileType = sourcecode.c.h; path = KHBasicFluentTableViewController.h; sourceTree = "<group>"; };
		B4A95E0A19F4BE9F001282DF /* KHBasicFluentTableViewController.m */ = {isa = PBXFileReference; fileEncoding = 4; lastKnownFileType = sourcecode.c.objc; path = KHBasicFluentTableViewController.m; sourceTree = "<group>"; };
		B4A95E0C19F4BE9F001282DF /* KHLoadingContentErrorTableViewCell.h */ = {isa = PBXFileReference; fileEncoding = 4; lastKnownFileType = sourcecode.c.h; path = KHLoadingContentErrorTableViewCell.h; sourceTree = "<group>"; };
		B4A95E0D19F4BE9F001282DF /* KHLoadingContentErrorTableViewCell.m */ = {isa = PBXFileReference; fileEncoding = 4; lastKnownFileType = sourcecode.c.objc; path = KHLoadingContentErrorTableViewCell.m; sourceTree = "<group>"; };
		B4A95E0E19F4BE9F001282DF /* KHLoadingContentErrorTableViewCell.xib */ = {isa = PBXFileReference; fileEncoding = 4; lastKnownFileType = file.xib; path = KHLoadingContentErrorTableViewCell.xib; sourceTree = "<group>"; };
		B4A95E0F19F4BE9F001282DF /* KHLoadingContentTableViewCell.h */ = {isa = PBXFileReference; fileEncoding = 4; lastKnownFileType = sourcecode.c.h; path = KHLoadingContentTableViewCell.h; sourceTree = "<group>"; };
		B4A95E1019F4BE9F001282DF /* KHLoadingContentTableViewCell.m */ = {isa = PBXFileReference; fileEncoding = 4; lastKnownFileType = sourcecode.c.objc; path = KHLoadingContentTableViewCell.m; sourceTree = "<group>"; };
		B4A95E1119F4BE9F001282DF /* KHLoadingContentTableViewCell.xib */ = {isa = PBXFileReference; fileEncoding = 4; lastKnownFileType = file.xib; path = KHLoadingContentTableViewCell.xib; sourceTree = "<group>"; };
		B4A95E1219F4BE9F001282DF /* KHLoadMoreTableViewCell.h */ = {isa = PBXFileReference; fileEncoding = 4; lastKnownFileType = sourcecode.c.h; path = KHLoadMoreTableViewCell.h; sourceTree = "<group>"; };
		B4A95E1319F4BE9F001282DF /* KHLoadMoreTableViewCell.m */ = {isa = PBXFileReference; fileEncoding = 4; lastKnownFileType = sourcecode.c.objc; path = KHLoadMoreTableViewCell.m; sourceTree = "<group>"; };
		B4A95E1419F4BE9F001282DF /* KHLoadMoreTableViewCell.xib */ = {isa = PBXFileReference; fileEncoding = 4; lastKnownFileType = file.xib; path = KHLoadMoreTableViewCell.xib; sourceTree = "<group>"; };
		B4A95E1519F4BE9F001282DF /* KHTableViewController.h */ = {isa = PBXFileReference; fileEncoding = 4; lastKnownFileType = sourcecode.c.h; path = KHTableViewController.h; sourceTree = "<group>"; };
		B4A95E1719F4BE9F001282DF /* KHTableController.h */ = {isa = PBXFileReference; fileEncoding = 4; lastKnownFileType = sourcecode.c.h; path = KHTableController.h; sourceTree = "<group>"; };
		B4A95E1819F4BE9F001282DF /* KHTableController.m */ = {isa = PBXFileReference; fileEncoding = 4; lastKnownFileType = sourcecode.c.objc; path = KHTableController.m; sourceTree = "<group>"; };
		B4A95E1A19F4BE9F001282DF /* KHCellProtocol.h */ = {isa = PBXFileReference; fileEncoding = 4; lastKnownFileType = sourcecode.c.h; path = KHCellProtocol.h; sourceTree = "<group>"; };
		B4A95E1B19F4BE9F001282DF /* KHTableViewCellFactoryProtocol.h */ = {isa = PBXFileReference; fileEncoding = 4; lastKnownFileType = sourcecode.c.h; path = KHTableViewCellFactoryProtocol.h; sourceTree = "<group>"; };
		B4A95E1D19F4BE9F001282DF /* KHBasicTableViewModel.h */ = {isa = PBXFileReference; fileEncoding = 4; lastKnownFileType = sourcecode.c.h; path = KHBasicTableViewModel.h; sourceTree = "<group>"; };
		B4A95E1E19F4BE9F001282DF /* KHBasicTableViewModel.m */ = {isa = PBXFileReference; fileEncoding = 4; lastKnownFileType = sourcecode.c.objc; path = KHBasicTableViewModel.m; sourceTree = "<group>"; };
		B4A95E1F19F4BE9F001282DF /* KHTableViewModel.h */ = {isa = PBXFileReference; fileEncoding = 4; lastKnownFileType = sourcecode.c.h; path = KHTableViewModel.h; sourceTree = "<group>"; };
		B4A95E2319F4BE9F001282DF /* KHTableViewSectionFactoryProtocol.h */ = {isa = PBXFileReference; fileEncoding = 4; lastKnownFileType = sourcecode.c.h; path = KHTableViewSectionFactoryProtocol.h; sourceTree = "<group>"; };
		B4A95E2519F4BE9F001282DF /* KHBasicSectionModel.h */ = {isa = PBXFileReference; fileEncoding = 4; lastKnownFileType = sourcecode.c.h; path = KHBasicSectionModel.h; sourceTree = "<group>"; };
		B4A95E2619F4BE9F001282DF /* KHBasicSectionModel.m */ = {isa = PBXFileReference; fileEncoding = 4; lastKnownFileType = sourcecode.c.objc; path = KHBasicSectionModel.m; sourceTree = "<group>"; };
		B4A95E2719F4BE9F001282DF /* KHErrorLoadingMoreSectionModel.h */ = {isa = PBXFileReference; fileEncoding = 4; lastKnownFileType = sourcecode.c.h; path = KHErrorLoadingMoreSectionModel.h; sourceTree = "<group>"; };
		B4A95E2819F4BE9F001282DF /* KHErrorLoadingMoreSectionModel.m */ = {isa = PBXFileReference; fileEncoding = 4; lastKnownFileType = sourcecode.c.objc; path = KHErrorLoadingMoreSectionModel.m; sourceTree = "<group>"; };
		B4A95E2919F4BE9F001282DF /* KHImageSectionModel.h */ = {isa = PBXFileReference; fileEncoding = 4; lastKnownFileType = sourcecode.c.h; path = KHImageSectionModel.h; sourceTree = "<group>"; };
		B4A95E2A19F4BE9F001282DF /* KHImageSectionModel.m */ = {isa = PBXFileReference; fileEncoding = 4; lastKnownFileType = sourcecode.c.objc; path = KHImageSectionModel.m; sourceTree = "<group>"; };
		B4A95E2B19F4BE9F001282DF /* KHLoadMoreSection.h */ = {isa = PBXFileReference; fileEncoding = 4; lastKnownFileType = sourcecode.c.h; path = KHLoadMoreSection.h; sourceTree = "<group>"; };
		B4A95E2C19F4BE9F001282DF /* KHLoadMoreSection.m */ = {isa = PBXFileReference; fileEncoding = 4; lastKnownFileType = sourcecode.c.objc; path = KHLoadMoreSection.m; sourceTree = "<group>"; };
		B4A95E2D19F4BE9F001282DF /* KHTableViewSectionModel.h */ = {isa = PBXFileReference; fileEncoding = 4; lastKnownFileType = sourcecode.c.h; path = KHTableViewSectionModel.h; sourceTree = "<group>"; };
		B4A95E2F19F4BE9F001282DF /* KHContentLoadingProtocol.h */ = {isa = PBXFileReference; fileEncoding = 4; lastKnownFileType = sourcecode.c.h; path = KHContentLoadingProtocol.h; sourceTree = "<group>"; };
		B4A95E3019F4BE9F001282DF /* KHDataLoadingOperation.h */ = {isa = PBXFileReference; fileEncoding = 4; lastKnownFileType = sourcecode.c.h; path = KHDataLoadingOperation.h; sourceTree = "<group>"; };
		B4A95E3119F4BE9F001282DF /* KHDataLoadingOperation.m */ = {isa = PBXFileReference; fileEncoding = 4; lastKnownFileType = sourcecode.c.objc; path = KHDataLoadingOperation.m; sourceTree = "<group>"; };
		B4A95E3219F4BE9F001282DF /* KHFluentDataProvider.h */ = {isa = PBXFileReference; fileEncoding = 4; lastKnownFileType = sourcecode.c.h; path = KHFluentDataProvider.h; sourceTree = "<group>"; };
		B4A95E3319F4BE9F001282DF /* KHFluentDataProvider.m */ = {isa = PBXFileReference; fileEncoding = 4; lastKnownFileType = sourcecode.c.objc; path = KHFluentDataProvider.m; sourceTree = "<group>"; };
		B4A95E3419F4BE9F001282DF /* KHHandleContentLoadingProtocol.h */ = {isa = PBXFileReference; fileEncoding = 4; lastKnownFileType = sourcecode.c.h; path = KHHandleContentLoadingProtocol.h; sourceTree = "<group>"; };
		B4A95E3519F4BE9F001282DF /* KHLoadingContentErrorViewModel.h */ = {isa = PBXFileReference; fileEncoding = 4; lastKnownFileType = sourcecode.c.h; path = KHLoadingContentErrorViewModel.h; sourceTree = "<group>"; };
		B4A95E3619F4BE9F001282DF /* KHLoadingContentErrorViewModel.m */ = {isa = PBXFileReference; fileEncoding = 4; lastKnownFileType = sourcecode.c.objc; path = KHLoadingContentErrorViewModel.m; sourceTree = "<group>"; };
		B4A95E3719F4BE9F001282DF /* KHLoadingOperationProtocol.h */ = {isa = PBXFileReference; fileEncoding = 4; lastKnownFileType = sourcecode.c.h; path = KHLoadingOperationProtocol.h; sourceTree = "<group>"; };
		B4A95E3819F4BE9F001282DF /* KHOrderedDataProvider.h */ = {isa = PBXFileReference; fileEncoding = 4; lastKnownFileType = sourcecode.c.h; path = KHOrderedDataProvider.h; sourceTree = "<group>"; };
		B4A95E3919F4BE9F001282DF /* KHOrderedDataProvider.m */ = {isa = PBXFileReference; fileEncoding = 4; lastKnownFileType = sourcecode.c.objc; path = KHOrderedDataProvider.m; sourceTree = "<group>"; };
		B4A95E3A19F4BE9F001282DF /* KHPopularImagesViewModel.h */ = {isa = PBXFileReference; fileEncoding = 4; lastKnownFileType = sourcecode.c.h; path = KHPopularImagesViewModel.h; sourceTree = "<group>"; };
		B4A95E3B19F4BE9F001282DF /* KHPopularImagesViewModel.m */ = {isa = PBXFileReference; fileEncoding = 4; lastKnownFileType = sourcecode.c.objc; path = KHPopularImagesViewModel.m; sourceTree = "<group>"; };
		B4A95E5119F4BF02001282DF /* KHLoadingFreshTodayOperation.h */ = {isa = PBXFileReference; fileEncoding = 4; lastKnownFileType = sourcecode.c.h; path = KHLoadingFreshTodayOperation.h; sourceTree = "<group>"; };
		B4A95E5219F4BF02001282DF /* KHLoadingFreshTodayOperation.m */ = {isa = PBXFileReference; fileEncoding = 4; lastKnownFileType = sourcecode.c.objc; path = KHLoadingFreshTodayOperation.m; sourceTree = "<group>"; };
		B4A95E5519F4BF57001282DF /* KHLoadingPopularOperation.h */ = {isa = PBXFileReference; fileEncoding = 4; lastKnownFileType = sourcecode.c.h; path = KHLoadingPopularOperation.h; sourceTree = "<group>"; };
		B4A95E5619F4BF57001282DF /* KHLoadingPopularOperation.m */ = {isa = PBXFileReference; fileEncoding = 4; lastKnownFileType = sourcecode.c.objc; path = KHLoadingPopularOperation.m; sourceTree = "<group>"; };
		B4A95E5819F4C07E001282DF /* KHContentLoadingFreshTodayViewModel.h */ = {isa = PBXFileReference; fileEncoding = 4; lastKnownFileType = sourcecode.c.h; path = KHContentLoadingFreshTodayViewModel.h; sourceTree = "<group>"; };
		B4A95E5919F4C07E001282DF /* KHContentLoadingFreshTodayViewModel.m */ = {isa = PBXFileReference; fileEncoding = 4; lastKnownFileType = sourcecode.c.objc; path = KHContentLoadingFreshTodayViewModel.m; sourceTree = "<group>"; };
		B4A95E5B19F4C09C001282DF /* KHFreshTodayCellFactory.h */ = {isa = PBXFileReference; fileEncoding = 4; lastKnownFileType = sourcecode.c.h; path = KHFreshTodayCellFactory.h; sourceTree = "<group>"; };
		B4A95E5C19F4C09C001282DF /* KHFreshTodayCellFactory.m */ = {isa = PBXFileReference; fileEncoding = 4; lastKnownFileType = sourcecode.c.objc; path = KHFreshTodayCellFactory.m; sourceTree = "<group>"; };
		B4A95E5E19F4C0AC001282DF /* CellFactory1.h */ = {isa = PBXFileReference; fileEncoding = 4; lastKnownFileType = sourcecode.c.h; path = CellFactory1.h; sourceTree = "<group>"; };
		B4A95E5F19F4C0AC001282DF /* CellFactory1.m */ = {isa = PBXFileReference; fileEncoding = 4; lastKnownFileType = sourcecode.c.objc; path = CellFactory1.m; sourceTree = "<group>"; };
		B4A95E6119F4C151001282DF /* ContentLoadingPopularViewModel.h */ = {isa = PBXFileReference; fileEncoding = 4; lastKnownFileType = sourcecode.c.h; path = ContentLoadingPopularViewModel.h; sourceTree = "<group>"; };
		B4A95E6219F4C151001282DF /* ContentLoadingPopularViewModel.m */ = {isa = PBXFileReference; fileEncoding = 4; lastKnownFileType = sourcecode.c.objc; path = ContentLoadingPopularViewModel.m; sourceTree = "<group>"; };
		B4A95E6519F4C1BA001282DF /* KHImageTableViewCell.h */ = {isa = PBXFileReference; fileEncoding = 4; lastKnownFileType = sourcecode.c.h; path = KHImageTableViewCell.h; sourceTree = "<group>"; };
		B4A95E6619F4C1BA001282DF /* KHImageTableViewCell.m */ = {isa = PBXFileReference; fileEncoding = 4; lastKnownFileType = sourcecode.c.objc; path = KHImageTableViewCell.m; sourceTree = "<group>"; };
		B4A95E6719F4C1BA001282DF /* KHImageTableViewCell.xib */ = {isa = PBXFileReference; fileEncoding = 4; lastKnownFileType = file.xib; path = KHImageTableViewCell.xib; sourceTree = "<group>"; };
		B4A95E6A19F4CE55001282DF /* KHContentLoadingCellFactory.h */ = {isa = PBXFileReference; fileEncoding = 4; lastKnownFileType = sourcecode.c.h; path = KHContentLoadingCellFactory.h; sourceTree = "<group>"; };
		B4A95E6B19F4CE55001282DF /* KHContentLoadingCellFactory.m */ = {isa = PBXFileReference; fileEncoding = 4; lastKnownFileType = sourcecode.c.objc; path = KHContentLoadingCellFactory.m; sourceTree = "<group>"; };
		B4A95E6D19F4CE9A001282DF /* KHContentLoadingErrorCellFactory.h */ = {isa = PBXFileReference; fileEncoding = 4; lastKnownFileType = sourcecode.c.h; path = KHContentLoadingErrorCellFactory.h; sourceTree = "<group>"; };
		B4A95E6E19F4CE9A001282DF /* KHContentLoadingErrorCellFactory.m */ = {isa = PBXFileReference; fileEncoding = 4; lastKnownFileType = sourcecode.c.objc; path = KHContentLoadingErrorCellFactory.m; sourceTree = "<group>"; };
		DB26024678D349BB0C84C24C /* libPods-KHTableViewController.a */ = {isa = PBXFileReference; explicitFileType = archive.ar; includeInIndex = 0; path = "libPods-KHTableViewController.a"; sourceTree = BUILT_PRODUCTS_DIR; };
/* End PBXFileReference section */

/* Begin PBXFrameworksBuildPhase section */
		B4A95D8319F4BAFB001282DF /* Frameworks */ = {
			isa = PBXFrameworksBuildPhase;
			buildActionMask = 2147483647;
			files = (
				724A47EA55B0BC7D71344F66 /* libPods-KHTableViewController.a in Frameworks */,
			);
			runOnlyForDeploymentPostprocessing = 0;
		};
		B4A95D9C19F4BAFB001282DF /* Frameworks */ = {
			isa = PBXFrameworksBuildPhase;
			buildActionMask = 2147483647;
			files = (
			);
			runOnlyForDeploymentPostprocessing = 0;
		};
/* End PBXFrameworksBuildPhase section */

/* Begin PBXGroup section */
		10069704282CEC07A0342C50 /* Pods */ = {
			isa = PBXGroup;
			children = (
				0CDE483670D7525A98D0AEC7 /* Pods-KHTableViewController.debug.xcconfig */,
				73FF677A0382F18ADCDF3E86 /* Pods-KHTableViewController.release.xcconfig */,
			);
			name = Pods;
			sourceTree = "<group>";
		};
		93CCA0C240C6B956650BAECD /* Frameworks */ = {
			isa = PBXGroup;
			children = (
				DB26024678D349BB0C84C24C /* libPods-KHTableViewController.a */,
			);
			name = Frameworks;
			sourceTree = "<group>";
		};
		B4208A2C19FBB9F7004D348B /* Collection Module */ = {
			isa = PBXGroup;
			children = (
				B445AF2F19FE4EF800693CD0 /* View Models */,
				B483D1B519FBFA62003EAFE6 /* Cell */,
				B4208A2D19FBBB17004D348B /* KHCollectionViewCellFactoryProtocol.h */,
				B4208A2E19FBBEA1004D348B /* KHCollectionContentLoadingCellFactory.h */,
				B4208A2F19FBBEA1004D348B /* KHCollectionContentLoadingCellFactory.m */,
				B43DB75A19FC130800AD9BCF /* KHCollectionController.h */,
				B43DB75B19FC130800AD9BCF /* KHCollectionController.m */,
			);
			path = "Collection Module";
			sourceTree = "<group>";
		};
		B445AF2F19FE4EF800693CD0 /* View Models */ = {
			isa = PBXGroup;
			children = (
				B445AF3019FE4F0A00693CD0 /* KHContentLoadingSectionViewModel.h */,
				B445AF3119FE4F0A00693CD0 /* KHContentLoadingSectionViewModel.m */,
			);
			path = "View Models";
			sourceTree = "<group>";
		};
		B483D1B519FBFA62003EAFE6 /* Cell */ = {
			isa = PBXGroup;
			children = (
				B483D1B619FBFAA6003EAFE6 /* KHContentLoadingCollectionCell.h */,
				B483D1B719FBFAA6003EAFE6 /* KHContentLoadingCollectionCell.m */,
				B483D1B919FBFB98003EAFE6 /* KHContentLoadingCollectionCell.xib */,
				B43DB75519FC077500AD9BCF /* KHContentLoadingErrorCollectionViewCell.h */,
				B43DB75619FC077500AD9BCF /* KHContentLoadingErrorCollectionViewCell.m */,
				B43DB75719FC077500AD9BCF /* KHContentLoadingErrorCollectionViewCell.xib */,
			);
			path = Cell;
			sourceTree = "<group>";
		};
		B4A95D7D19F4BAFB001282DF = {
			isa = PBXGroup;
			children = (
				B4A95D8819F4BAFB001282DF /* KHTableViewController */,
				B4A95DA219F4BAFB001282DF /* KHTableViewControllerTests */,
				B4A95D8719F4BAFB001282DF /* Products */,
				10069704282CEC07A0342C50 /* Pods */,
				93CCA0C240C6B956650BAECD /* Frameworks */,
			);
			sourceTree = "<group>";
		};
		B4A95D8719F4BAFB001282DF /* Products */ = {
			isa = PBXGroup;
			children = (
				B4A95D8619F4BAFB001282DF /* KHTableViewController.app */,
				B4A95D9F19F4BAFB001282DF /* KHTableViewControllerTests.xctest */,
			);
			name = Products;
			sourceTree = "<group>";
		};
		B4A95D8819F4BAFB001282DF /* KHTableViewController */ = {
			isa = PBXGroup;
			children = (
				B4A95E0719F4BE9F001282DF /* Classes */,
				B4A95E6419F4C1BA001282DF /* ImageCell */,
				B4A95E6119F4C151001282DF /* ContentLoadingPopularViewModel.h */,
				B4A95E6219F4C151001282DF /* ContentLoadingPopularViewModel.m */,
				B4A95E5E19F4C0AC001282DF /* CellFactory1.h */,
				B4A95E5F19F4C0AC001282DF /* CellFactory1.m */,
				B4A95E5819F4C07E001282DF /* KHContentLoadingFreshTodayViewModel.h */,
				B4A95E5919F4C07E001282DF /* KHContentLoadingFreshTodayViewModel.m */,
				B4A95E5519F4BF57001282DF /* KHLoadingPopularOperation.h */,
				B4A95E5619F4BF57001282DF /* KHLoadingPopularOperation.m */,
				B4A95E5119F4BF02001282DF /* KHLoadingFreshTodayOperation.h */,
				B4A95E5219F4BF02001282DF /* KHLoadingFreshTodayOperation.m */,
				B4A95E0119F4BC62001282DF /* KHFreshTodayImagesViewController.h */,
				B4A95DFE19F4BC62001282DF /* KHFreshTodayImagesViewController.m */,
				B48AF8A719FCF2A10051AF5B /* KHFreshTodayCollectionViewController.h */,
				B48AF8A819FCF2A10051AF5B /* KHFreshTodayCollectionViewController.m */,
				B4A95E5B19F4C09C001282DF /* KHFreshTodayCellFactory.h */,
				B4A95E5C19F4C09C001282DF /* KHFreshTodayCellFactory.m */,
				B4A95E0319F4BC62001282DF /* KHMainViewController.h */,
				B4A95DFF19F4BC62001282DF /* KHMainViewController.m */,
				B4A95E0219F4BC62001282DF /* ViewController.h */,
				B4A95E0019F4BC62001282DF /* ViewController.m */,
				B4A95D8D19F4BAFB001282DF /* AppDelegate.h */,
				B4A95D8E19F4BAFB001282DF /* AppDelegate.m */,
				B4A95DF819F4BBFC001282DF /* Main.storyboard */,
				B4A95DFA19F4BC0A001282DF /* Popular.storyboard */,
				B4A95DFB19F4BC0A001282DF /* FreshToday.storyboard */,
				B48AF8A519FCF0260051AF5B /* FreshTodayCollection.storyboard */,
				B4A95D9619F4BAFB001282DF /* Images.xcassets */,
				B4A95D9819F4BAFB001282DF /* LaunchScreen.xib */,
				B4A95D8919F4BAFB001282DF /* Supporting Files */,
				B483D1C819FC0447003EAFE6 /* KHPopularCollectionCellFactory.h */,
				B483D1C919FC0447003EAFE6 /* KHPopularCollectionCellFactory.m */,
			);
			path = KHTableViewController;
			sourceTree = "<group>";
		};
		B4A95D8919F4BAFB001282DF /* Supporting Files */ = {
			isa = PBXGroup;
			children = (
				B4A95D8A19F4BAFB001282DF /* Info.plist */,
				B4A95D8B19F4BAFB001282DF /* main.m */,
			);
			name = "Supporting Files";
			sourceTree = "<group>";
		};
		B4A95DA219F4BAFB001282DF /* KHTableViewControllerTests */ = {
			isa = PBXGroup;
			children = (
				B4A95DA519F4BAFB001282DF /* KHTableViewControllerTests.m */,
				B4A95DA319F4BAFB001282DF /* Supporting Files */,
			);
			path = KHTableViewControllerTests;
			sourceTree = "<group>";
		};
		B4A95DA319F4BAFB001282DF /* Supporting Files */ = {
			isa = PBXGroup;
			children = (
				B4A95DA419F4BAFB001282DF /* Info.plist */,
			);
			name = "Supporting Files";
			sourceTree = "<group>";
		};
		B4A95E0719F4BE9F001282DF /* Classes */ = {
			isa = PBXGroup;
			children = (
				B4208A2C19FBB9F7004D348B /* Collection Module */,
				B4A95E0819F4BE9F001282DF /* BasicTableViewController */,
				B4A95E0B19F4BE9F001282DF /* Cell */,
				B4A95E1519F4BE9F001282DF /* KHTableViewController.h */,
				B4A95E1619F4BE9F001282DF /* TableController */,
				B4A95E1919F4BE9F001282DF /* TableViewCellFactory */,
				B4A95E1C19F4BE9F001282DF /* TableViewModel */,
				B4A95E2019F4BE9F001282DF /* TableViewSectionFactory */,
				B4A95E2419F4BE9F001282DF /* TableViewSectionModel */,
				B4A95E2E19F4BE9F001282DF /* ViewModels */,
			);
			path = Classes;
			sourceTree = "<group>";
		};
		B4A95E0819F4BE9F001282DF /* BasicTableViewController */ = {
			isa = PBXGroup;
			children = (
				B48AF8AA19FCF9F40051AF5B /* KHBasicOrderedCollectionViewController.m */,
				B4A95E0919F4BE9F001282DF /* KHBasicFluentTableViewController.h */,
				B4A95E0A19F4BE9F001282DF /* KHBasicFluentTableViewController.m */,
				B48E7E0419F51170001AE856 /* KHBasicOrderedTableViewController.h */,
				B48E7E0519F51170001AE856 /* KHBasicOrderedTableViewController.m */,
				B483D1C019FBFFC2003EAFE6 /* KHBasicFluentCollectionViewController.h */,
				B483D1C119FBFFC2003EAFE6 /* KHBasicFluentCollectionViewController.m */,
				B4198B0C19FCE8A2001F61A4 /* KHBasicOrderedCollectionViewController.h */,
			);
			path = BasicTableViewController;
			sourceTree = "<group>";
		};
		B4A95E0B19F4BE9F001282DF /* Cell */ = {
			isa = PBXGroup;
			children = (
				B4A95E0C19F4BE9F001282DF /* KHLoadingContentErrorTableViewCell.h */,
				B4A95E0D19F4BE9F001282DF /* KHLoadingContentErrorTableViewCell.m */,
				B4A95E0E19F4BE9F001282DF /* KHLoadingContentErrorTableViewCell.xib */,
				B4A95E0F19F4BE9F001282DF /* KHLoadingContentTableViewCell.h */,
				B4A95E1019F4BE9F001282DF /* KHLoadingContentTableViewCell.m */,
				B4A95E1119F4BE9F001282DF /* KHLoadingContentTableViewCell.xib */,
				B4A95E1219F4BE9F001282DF /* KHLoadMoreTableViewCell.h */,
				B4A95E1319F4BE9F001282DF /* KHLoadMoreTableViewCell.m */,
				B4A95E1419F4BE9F001282DF /* KHLoadMoreTableViewCell.xib */,
			);
			path = Cell;
			sourceTree = "<group>";
		};
		B4A95E1619F4BE9F001282DF /* TableController */ = {
			isa = PBXGroup;
			children = (
				B4A95E1719F4BE9F001282DF /* KHTableController.h */,
				B4A95E1819F4BE9F001282DF /* KHTableController.m */,
			);
			path = TableController;
			sourceTree = "<group>";
		};
		B4A95E1919F4BE9F001282DF /* TableViewCellFactory */ = {
			isa = PBXGroup;
			children = (
				B4A95E1A19F4BE9F001282DF /* KHCellProtocol.h */,
				B4A95E1B19F4BE9F001282DF /* KHTableViewCellFactoryProtocol.h */,
				B4A95E6A19F4CE55001282DF /* KHContentLoadingCellFactory.h */,
				B4A95E6B19F4CE55001282DF /* KHContentLoadingCellFactory.m */,
				B4A95E6D19F4CE9A001282DF /* KHContentLoadingErrorCellFactory.h */,
				B4A95E6E19F4CE9A001282DF /* KHContentLoadingErrorCellFactory.m */,
			);
			path = TableViewCellFactory;
			sourceTree = "<group>";
		};
		B4A95E1C19F4BE9F001282DF /* TableViewModel */ = {
			isa = PBXGroup;
			children = (
				B4A95E1D19F4BE9F001282DF /* KHBasicTableViewModel.h */,
				B4A95E1E19F4BE9F001282DF /* KHBasicTableViewModel.m */,
				B4A95E1F19F4BE9F001282DF /* KHTableViewModel.h */,
			);
			path = TableViewModel;
			sourceTree = "<group>";
		};
		B4A95E2019F4BE9F001282DF /* TableViewSectionFactory */ = {
			isa = PBXGroup;
			children = (
				B4A95E2319F4BE9F001282DF /* KHTableViewSectionFactoryProtocol.h */,
			);
			path = TableViewSectionFactory;
			sourceTree = "<group>";
		};
		B4A95E2419F4BE9F001282DF /* TableViewSectionModel */ = {
			isa = PBXGroup;
			children = (
				B4A95E2519F4BE9F001282DF /* KHBasicSectionModel.h */,
				B4A95E2619F4BE9F001282DF /* KHBasicSectionModel.m */,
				B4A95E2719F4BE9F001282DF /* KHErrorLoadingMoreSectionModel.h */,
				B4A95E2819F4BE9F001282DF /* KHErrorLoadingMoreSectionModel.m */,
				B4A95E2919F4BE9F001282DF /* KHImageSectionModel.h */,
				B4A95E2A19F4BE9F001282DF /* KHImageSectionModel.m */,
				B4A95E2B19F4BE9F001282DF /* KHLoadMoreSection.h */,
				B4A95E2C19F4BE9F001282DF /* KHLoadMoreSection.m */,
				B4A95E2D19F4BE9F001282DF /* KHTableViewSectionModel.h */,
			);
			path = TableViewSectionModel;
			sourceTree = "<group>";
		};
		B4A95E2E19F4BE9F001282DF /* ViewModels */ = {
			isa = PBXGroup;
			children = (
				B4A95E2F19F4BE9F001282DF /* KHContentLoadingProtocol.h */,
				B4A95E3019F4BE9F001282DF /* KHDataLoadingOperation.h */,
				B4A95E3119F4BE9F001282DF /* KHDataLoadingOperation.m */,
				B4A95E3219F4BE9F001282DF /* KHFluentDataProvider.h */,
				B4A95E3319F4BE9F001282DF /* KHFluentDataProvider.m */,
				B4A95E3419F4BE9F001282DF /* KHHandleContentLoadingProtocol.h */,
				B4A95E3519F4BE9F001282DF /* KHLoadingContentErrorViewModel.h */,
				B4A95E3619F4BE9F001282DF /* KHLoadingContentErrorViewModel.m */,
				B4A95E3719F4BE9F001282DF /* KHLoadingOperationProtocol.h */,
				B4A95E3819F4BE9F001282DF /* KHOrderedDataProvider.h */,
				B4A95E3919F4BE9F001282DF /* KHOrderedDataProvider.m */,
				B4A95E3A19F4BE9F001282DF /* KHPopularImagesViewModel.h */,
				B4A95E3B19F4BE9F001282DF /* KHPopularImagesViewModel.m */,
			);
			path = ViewModels;
			sourceTree = "<group>";
		};
		B4A95E6419F4C1BA001282DF /* ImageCell */ = {
			isa = PBXGroup;
			children = (
				B4A95E6519F4C1BA001282DF /* KHImageTableViewCell.h */,
				B4A95E6619F4C1BA001282DF /* KHImageTableViewCell.m */,
				B4A95E6719F4C1BA001282DF /* KHImageTableViewCell.xib */,
				B483D1C319FC019B003EAFE6 /* KHImageCollectionViewCell.h */,
				B483D1C419FC019B003EAFE6 /* KHImageCollectionViewCell.m */,
				B483D1C519FC019B003EAFE6 /* KHImageCollectionViewCell.xib */,
			);
			path = ImageCell;
			sourceTree = "<group>";
		};
/* End PBXGroup section */

/* Begin PBXNativeTarget section */
		B4A95D8519F4BAFB001282DF /* KHTableViewController */ = {
			isa = PBXNativeTarget;
			buildConfigurationList = B4A95DA919F4BAFB001282DF /* Build configuration list for PBXNativeTarget "KHTableViewController" */;
			buildPhases = (
				0F13B5F3FA0CAC6D16839F97 /* Check Pods Manifest.lock */,
				B4A95D8219F4BAFB001282DF /* Sources */,
				B4A95D8319F4BAFB001282DF /* Frameworks */,
				B4A95D8419F4BAFB001282DF /* Resources */,
				0B6C512BBBA621DBCF675A05 /* Copy Pods Resources */,
			);
			buildRules = (
			);
			dependencies = (
			);
			name = KHTableViewController;
			productName = KHTableViewController;
			productReference = B4A95D8619F4BAFB001282DF /* KHTableViewController.app */;
			productType = "com.apple.product-type.application";
		};
		B4A95D9E19F4BAFB001282DF /* KHTableViewControllerTests */ = {
			isa = PBXNativeTarget;
			buildConfigurationList = B4A95DAC19F4BAFB001282DF /* Build configuration list for PBXNativeTarget "KHTableViewControllerTests" */;
			buildPhases = (
				B4A95D9B19F4BAFB001282DF /* Sources */,
				B4A95D9C19F4BAFB001282DF /* Frameworks */,
				B4A95D9D19F4BAFB001282DF /* Resources */,
			);
			buildRules = (
			);
			dependencies = (
				B4A95DA119F4BAFB001282DF /* PBXTargetDependency */,
			);
			name = KHTableViewControllerTests;
			productName = KHTableViewControllerTests;
			productReference = B4A95D9F19F4BAFB001282DF /* KHTableViewControllerTests.xctest */;
			productType = "com.apple.product-type.bundle.unit-test";
		};
/* End PBXNativeTarget section */

/* Begin PBXProject section */
		B4A95D7E19F4BAFB001282DF /* Project object */ = {
			isa = PBXProject;
			attributes = {
				LastUpgradeCheck = 0600;
				ORGANIZATIONNAME = "Triệu Khang";
				TargetAttributes = {
					B4A95D8519F4BAFB001282DF = {
						CreatedOnToolsVersion = 6.0.1;
					};
					B4A95D9E19F4BAFB001282DF = {
						CreatedOnToolsVersion = 6.0.1;
						TestTargetID = B4A95D8519F4BAFB001282DF;
					};
				};
			};
			buildConfigurationList = B4A95D8119F4BAFB001282DF /* Build configuration list for PBXProject "KHTableViewController" */;
			compatibilityVersion = "Xcode 3.2";
			developmentRegion = English;
			hasScannedForEncodings = 0;
			knownRegions = (
				en,
				Base,
			);
			mainGroup = B4A95D7D19F4BAFB001282DF;
			productRefGroup = B4A95D8719F4BAFB001282DF /* Products */;
			projectDirPath = "";
			projectRoot = "";
			targets = (
				B4A95D8519F4BAFB001282DF /* KHTableViewController */,
				B4A95D9E19F4BAFB001282DF /* KHTableViewControllerTests */,
			);
		};
/* End PBXProject section */

/* Begin PBXResourcesBuildPhase section */
		B4A95D8419F4BAFB001282DF /* Resources */ = {
			isa = PBXResourcesBuildPhase;
			buildActionMask = 2147483647;
			files = (
				B4A95E3E19F4BE9F001282DF /* KHLoadingContentErrorTableViewCell.xib in Resources */,
				B4A95DF919F4BBFC001282DF /* Main.storyboard in Resources */,
				B4A95E4019F4BE9F001282DF /* KHLoadingContentTableViewCell.xib in Resources */,
				B483D1C719FC019B003EAFE6 /* KHImageCollectionViewCell.xib in Resources */,
				B4A95DFC19F4BC0A001282DF /* Popular.storyboard in Resources */,
				B4A95E6919F4C1BA001282DF /* KHImageTableViewCell.xib in Resources */,
				B4A95DFD19F4BC0A001282DF /* FreshToday.storyboard in Resources */,
				B4A95E4219F4BE9F001282DF /* KHLoadMoreTableViewCell.xib in Resources */,
				B43DB75919FC077500AD9BCF /* KHContentLoadingErrorCollectionViewCell.xib in Resources */,
				B48AF8A619FCF0260051AF5B /* FreshTodayCollection.storyboard in Resources */,
				B483D1BA19FBFB98003EAFE6 /* KHContentLoadingCollectionCell.xib in Resources */,
				B4A95D9A19F4BAFB001282DF /* LaunchScreen.xib in Resources */,
				B4A95D9719F4BAFB001282DF /* Images.xcassets in Resources */,
			);
			runOnlyForDeploymentPostprocessing = 0;
		};
		B4A95D9D19F4BAFB001282DF /* Resources */ = {
			isa = PBXResourcesBuildPhase;
			buildActionMask = 2147483647;
			files = (
			);
			runOnlyForDeploymentPostprocessing = 0;
		};
/* End PBXResourcesBuildPhase section */

/* Begin PBXShellScriptBuildPhase section */
		0B6C512BBBA621DBCF675A05 /* Copy Pods Resources */ = {
			isa = PBXShellScriptBuildPhase;
			buildActionMask = 2147483647;
			files = (
			);
			inputPaths = (
			);
			name = "Copy Pods Resources";
			outputPaths = (
			);
			runOnlyForDeploymentPostprocessing = 0;
			shellPath = /bin/sh;
			shellScript = "\"${SRCROOT}/Pods/Target Support Files/Pods-KHTableViewController/Pods-KHTableViewController-resources.sh\"\n";
			showEnvVarsInLog = 0;
		};
		0F13B5F3FA0CAC6D16839F97 /* Check Pods Manifest.lock */ = {
			isa = PBXShellScriptBuildPhase;
			buildActionMask = 2147483647;
			files = (
			);
			inputPaths = (
			);
			name = "Check Pods Manifest.lock";
			outputPaths = (
			);
			runOnlyForDeploymentPostprocessing = 0;
			shellPath = /bin/sh;
			shellScript = "diff \"${PODS_ROOT}/../Podfile.lock\" \"${PODS_ROOT}/Manifest.lock\" > /dev/null\nif [[ $? != 0 ]] ; then\n    cat << EOM\nerror: The sandbox is not in sync with the Podfile.lock. Run 'pod install' or update your CocoaPods installation.\nEOM\n    exit 1\nfi\n";
			showEnvVarsInLog = 0;
		};
/* End PBXShellScriptBuildPhase section */

/* Begin PBXSourcesBuildPhase section */
		B4A95D8219F4BAFB001282DF /* Sources */ = {
			isa = PBXSourcesBuildPhase;
			buildActionMask = 2147483647;
			files = (
				B4A95E6819F4C1BA001282DF /* KHImageTableViewCell.m in Sources */,
				B4A95E0619F4BC62001282DF /* ViewController.m in Sources */,
				B445AF3219FE4F0A00693CD0 /* KHContentLoadingSectionViewModel.m in Sources */,
				B483D1C619FC019B003EAFE6 /* KHImageCollectionViewCell.m in Sources */,
				B4A95E4B19F4BE9F001282DF /* KHFluentDataProvider.m in Sources */,
				B4A95E3F19F4BE9F001282DF /* KHLoadingContentTableViewCell.m in Sources */,
				B43DB75819FC077500AD9BCF /* KHContentLoadingErrorCollectionViewCell.m in Sources */,
				B4A95E6C19F4CE55001282DF /* KHContentLoadingCellFactory.m in Sources */,
				B4A95E4419F4BE9F001282DF /* KHBasicTableViewModel.m in Sources */,
				B483D1B819FBFAA6003EAFE6 /* KHContentLoadingCollectionCell.m in Sources */,
				B4A95E0519F4BC62001282DF /* KHMainViewController.m in Sources */,
				B4A95E0419F4BC62001282DF /* KHFreshTodayImagesViewController.m in Sources */,
				B4A95E4D19F4BE9F001282DF /* KHOrderedDataProvider.m in Sources */,
				B4A95E4819F4BE9F001282DF /* KHImageSectionModel.m in Sources */,
				B4A95D8F19F4BAFB001282DF /* AppDelegate.m in Sources */,
				B4A95E3D19F4BE9F001282DF /* KHLoadingContentErrorTableViewCell.m in Sources */,
				B4A95E4919F4BE9F001282DF /* KHLoadMoreSection.m in Sources */,
				B48AF8AB19FCF9F40051AF5B /* KHBasicOrderedCollectionViewController.m in Sources */,
				B48E7E0619F51170001AE856 /* KHBasicOrderedTableViewController.m in Sources */,
				B4208A3019FBBEA1004D348B /* KHCollectionContentLoadingCellFactory.m in Sources */,
				B4A95E4719F4BE9F001282DF /* KHErrorLoadingMoreSectionModel.m in Sources */,
				B4A95E6F19F4CE9A001282DF /* KHContentLoadingErrorCellFactory.m in Sources */,
				B4A95E5419F4BF02001282DF /* KHLoadingFreshTodayOperation.m in Sources */,
				B4A95D8C19F4BAFB001282DF /* main.m in Sources */,
				B483D1CA19FC0447003EAFE6 /* KHPopularCollectionCellFactory.m in Sources */,
				B4A95E4E19F4BE9F001282DF /* KHPopularImagesViewModel.m in Sources */,
				B4A95E4C19F4BE9F001282DF /* KHLoadingContentErrorViewModel.m in Sources */,
				B4A95E6019F4C0AC001282DF /* CellFactory1.m in Sources */,
				B483D1C219FBFFC2003EAFE6 /* KHBasicFluentCollectionViewController.m in Sources */,
				B4A95E4619F4BE9F001282DF /* KHBasicSectionModel.m in Sources */,
				B4A95E5719F4BF57001282DF /* KHLoadingPopularOperation.m in Sources */,
				B4A95E4A19F4BE9F001282DF /* KHDataLoadingOperation.m in Sources */,
				B4A95E6319F4C151001282DF /* ContentLoadingPopularViewModel.m in Sources */,
				B4A95E5A19F4C07E001282DF /* KHContentLoadingFreshTodayViewModel.m in Sources */,
				B4A95E4319F4BE9F001282DF /* KHTableController.m in Sources */,
				B4A95E3C19F4BE9F001282DF /* KHBasicFluentTableViewController.m in Sources */,
				B4A95E5D19F4C09C001282DF /* KHFreshTodayCellFactory.m in Sources */,
				B4A95E4119F4BE9F001282DF /* KHLoadMoreTableViewCell.m in Sources */,
				B48AF8A919FCF2A10051AF5B /* KHFreshTodayCollectionViewController.m in Sources */,
				B43DB75C19FC130800AD9BCF /* KHCollectionController.m in Sources */,
			);
			runOnlyForDeploymentPostprocessing = 0;
		};
		B4A95D9B19F4BAFB001282DF /* Sources */ = {
			isa = PBXSourcesBuildPhase;
			buildActionMask = 2147483647;
			files = (
				B4A95DA619F4BAFB001282DF /* KHTableViewControllerTests.m in Sources */,
			);
			runOnlyForDeploymentPostprocessing = 0;
		};
/* End PBXSourcesBuildPhase section */

/* Begin PBXTargetDependency section */
		B4A95DA119F4BAFB001282DF /* PBXTargetDependency */ = {
			isa = PBXTargetDependency;
			target = B4A95D8519F4BAFB001282DF /* KHTableViewController */;
			targetProxy = B4A95DA019F4BAFB001282DF /* PBXContainerItemProxy */;
		};
/* End PBXTargetDependency section */

/* Begin PBXVariantGroup section */
		B4A95D9819F4BAFB001282DF /* LaunchScreen.xib */ = {
			isa = PBXVariantGroup;
			children = (
				B4A95D9919F4BAFB001282DF /* Base */,
			);
			name = LaunchScreen.xib;
			sourceTree = "<group>";
		};
/* End PBXVariantGroup section */

/* Begin XCBuildConfiguration section */
		B4A95DA719F4BAFB001282DF /* Debug */ = {
			isa = XCBuildConfiguration;
			buildSettings = {
				ALWAYS_SEARCH_USER_PATHS = NO;
				CLANG_CXX_LANGUAGE_STANDARD = "gnu++0x";
				CLANG_CXX_LIBRARY = "libc++";
				CLANG_ENABLE_MODULES = YES;
				CLANG_ENABLE_OBJC_ARC = YES;
				CLANG_WARN_BOOL_CONVERSION = YES;
				CLANG_WARN_CONSTANT_CONVERSION = YES;
				CLANG_WARN_DIRECT_OBJC_ISA_USAGE = YES_ERROR;
				CLANG_WARN_EMPTY_BODY = YES;
				CLANG_WARN_ENUM_CONVERSION = YES;
				CLANG_WARN_INT_CONVERSION = YES;
				CLANG_WARN_OBJC_ROOT_CLASS = YES_ERROR;
				CLANG_WARN_UNREACHABLE_CODE = YES;
				CLANG_WARN__DUPLICATE_METHOD_MATCH = YES;
				"CODE_SIGN_IDENTITY[sdk=iphoneos*]" = "iPhone Developer";
				COPY_PHASE_STRIP = NO;
				ENABLE_STRICT_OBJC_MSGSEND = YES;
				GCC_C_LANGUAGE_STANDARD = gnu99;
				GCC_DYNAMIC_NO_PIC = NO;
				GCC_OPTIMIZATION_LEVEL = 0;
				GCC_PREPROCESSOR_DEFINITIONS = (
					"DEBUG=1",
					"$(inherited)",
				);
				GCC_SYMBOLS_PRIVATE_EXTERN = NO;
				GCC_WARN_64_TO_32_BIT_CONVERSION = YES;
				GCC_WARN_ABOUT_RETURN_TYPE = YES_ERROR;
				GCC_WARN_UNDECLARED_SELECTOR = YES;
				GCC_WARN_UNINITIALIZED_AUTOS = YES_AGGRESSIVE;
				GCC_WARN_UNUSED_FUNCTION = YES;
				GCC_WARN_UNUSED_VARIABLE = YES;
				IPHONEOS_DEPLOYMENT_TARGET = 8.0;
				MTL_ENABLE_DEBUG_INFO = YES;
				ONLY_ACTIVE_ARCH = YES;
				SDKROOT = iphoneos;
			};
			name = Debug;
		};
		B4A95DA819F4BAFB001282DF /* Release */ = {
			isa = XCBuildConfiguration;
			buildSettings = {
				ALWAYS_SEARCH_USER_PATHS = NO;
				CLANG_CXX_LANGUAGE_STANDARD = "gnu++0x";
				CLANG_CXX_LIBRARY = "libc++";
				CLANG_ENABLE_MODULES = YES;
				CLANG_ENABLE_OBJC_ARC = YES;
				CLANG_WARN_BOOL_CONVERSION = YES;
				CLANG_WARN_CONSTANT_CONVERSION = YES;
				CLANG_WARN_DIRECT_OBJC_ISA_USAGE = YES_ERROR;
				CLANG_WARN_EMPTY_BODY = YES;
				CLANG_WARN_ENUM_CONVERSION = YES;
				CLANG_WARN_INT_CONVERSION = YES;
				CLANG_WARN_OBJC_ROOT_CLASS = YES_ERROR;
				CLANG_WARN_UNREACHABLE_CODE = YES;
				CLANG_WARN__DUPLICATE_METHOD_MATCH = YES;
				"CODE_SIGN_IDENTITY[sdk=iphoneos*]" = "iPhone Developer";
				COPY_PHASE_STRIP = YES;
				ENABLE_NS_ASSERTIONS = NO;
				ENABLE_STRICT_OBJC_MSGSEND = YES;
				GCC_C_LANGUAGE_STANDARD = gnu99;
				GCC_WARN_64_TO_32_BIT_CONVERSION = YES;
				GCC_WARN_ABOUT_RETURN_TYPE = YES_ERROR;
				GCC_WARN_UNDECLARED_SELECTOR = YES;
				GCC_WARN_UNINITIALIZED_AUTOS = YES_AGGRESSIVE;
				GCC_WARN_UNUSED_FUNCTION = YES;
				GCC_WARN_UNUSED_VARIABLE = YES;
				IPHONEOS_DEPLOYMENT_TARGET = 8.0;
				MTL_ENABLE_DEBUG_INFO = NO;
				SDKROOT = iphoneos;
				VALIDATE_PRODUCT = YES;
			};
			name = Release;
		};
		B4A95DAA19F4BAFB001282DF /* Debug */ = {
			isa = XCBuildConfiguration;
			baseConfigurationReference = 0CDE483670D7525A98D0AEC7 /* Pods-KHTableViewController.debug.xcconfig */;
			buildSettings = {
				ASSETCATALOG_COMPILER_APPICON_NAME = AppIcon;
				INFOPLIST_FILE = KHTableViewController/Info.plist;
				LD_RUNPATH_SEARCH_PATHS = "$(inherited) @executable_path/Frameworks";
				PRODUCT_NAME = "$(TARGET_NAME)";
			};
			name = Debug;
		};
		B4A95DAB19F4BAFB001282DF /* Release */ = {
			isa = XCBuildConfiguration;
			baseConfigurationReference = 73FF677A0382F18ADCDF3E86 /* Pods-KHTableViewController.release.xcconfig */;
			buildSettings = {
				ASSETCATALOG_COMPILER_APPICON_NAME = AppIcon;
				INFOPLIST_FILE = KHTableViewController/Info.plist;
				LD_RUNPATH_SEARCH_PATHS = "$(inherited) @executable_path/Frameworks";
				PRODUCT_NAME = "$(TARGET_NAME)";
			};
			name = Release;
		};
		B4A95DAD19F4BAFB001282DF /* Debug */ = {
			isa = XCBuildConfiguration;
			buildSettings = {
				BUNDLE_LOADER = "$(TEST_HOST)";
				FRAMEWORK_SEARCH_PATHS = (
					"$(SDKROOT)/Developer/Library/Frameworks",
					"$(inherited)",
				);
				GCC_PREPROCESSOR_DEFINITIONS = (
					"DEBUG=1",
					"$(inherited)",
				);
				INFOPLIST_FILE = KHTableViewControllerTests/Info.plist;
				LD_RUNPATH_SEARCH_PATHS = "$(inherited) @executable_path/Frameworks @loader_path/Frameworks";
				PRODUCT_NAME = "$(TARGET_NAME)";
				TEST_HOST = "$(BUILT_PRODUCTS_DIR)/KHTableViewController.app/KHTableViewController";
			};
			name = Debug;
		};
		B4A95DAE19F4BAFB001282DF /* Release */ = {
			isa = XCBuildConfiguration;
			buildSettings = {
				BUNDLE_LOADER = "$(TEST_HOST)";
				FRAMEWORK_SEARCH_PATHS = (
					"$(SDKROOT)/Developer/Library/Frameworks",
					"$(inherited)",
				);
				INFOPLIST_FILE = KHTableViewControllerTests/Info.plist;
				LD_RUNPATH_SEARCH_PATHS = "$(inherited) @executable_path/Frameworks @loader_path/Frameworks";
				PRODUCT_NAME = "$(TARGET_NAME)";
				TEST_HOST = "$(BUILT_PRODUCTS_DIR)/KHTableViewController.app/KHTableViewController";
			};
			name = Release;
		};
/* End XCBuildConfiguration section */

/* Begin XCConfigurationList section */
		B4A95D8119F4BAFB001282DF /* Build configuration list for PBXProject "KHTableViewController" */ = {
			isa = XCConfigurationList;
			buildConfigurations = (
				B4A95DA719F4BAFB001282DF /* Debug */,
				B4A95DA819F4BAFB001282DF /* Release */,
			);
			defaultConfigurationIsVisible = 0;
			defaultConfigurationName = Release;
		};
		B4A95DA919F4BAFB001282DF /* Build configuration list for PBXNativeTarget "KHTableViewController" */ = {
			isa = XCConfigurationList;
			buildConfigurations = (
				B4A95DAA19F4BAFB001282DF /* Debug */,
				B4A95DAB19F4BAFB001282DF /* Release */,
			);
			defaultConfigurationIsVisible = 0;
			defaultConfigurationName = Release;
		};
		B4A95DAC19F4BAFB001282DF /* Build configuration list for PBXNativeTarget "KHTableViewControllerTests" */ = {
			isa = XCConfigurationList;
			buildConfigurations = (
				B4A95DAD19F4BAFB001282DF /* Debug */,
				B4A95DAE19F4BAFB001282DF /* Release */,
			);
			defaultConfigurationIsVisible = 0;
			defaultConfigurationName = Release;
		};
/* End XCConfigurationList section */
	};
	rootObject = B4A95D7E19F4BAFB001282DF /* Project object */;
}
